// !$*UTF8*$!
{
	archiveVersion = 1;
	classes = {
	};
	objectVersion = 56;
	objects = {

/* Begin PBXBuildFile section */
		9F0A8455293AD56700EE9D5D /* RadioView.swift in Sources */ = {isa = PBXBuildFile; fileRef = 9F0A8454293AD56700EE9D5D /* RadioView.swift */; };
		9F0A8457293AD57C00EE9D5D /* AmplifierView.swift in Sources */ = {isa = PBXBuildFile; fileRef = 9F0A8456293AD57C00EE9D5D /* AmplifierView.swift */; };
		9F0A8459293AD58100EE9D5D /* AtuView.swift in Sources */ = {isa = PBXBuildFile; fileRef = 9F0A8458293AD58100EE9D5D /* AtuView.swift */; };
		9F0A845B293AD58500EE9D5D /* BandSettingView.swift in Sources */ = {isa = PBXBuildFile; fileRef = 9F0A845A293AD58500EE9D5D /* BandSettingView.swift */; };
		9F0A845D293AD58900EE9D5D /* CwxView.swift in Sources */ = {isa = PBXBuildFile; fileRef = 9F0A845C293AD58900EE9D5D /* CwxView.swift */; };
		9F0A845F293AD58F00EE9D5D /* EqualizerView.swift in Sources */ = {isa = PBXBuildFile; fileRef = 9F0A845E293AD58F00EE9D5D /* EqualizerView.swift */; };
		9F0A8461293AD59200EE9D5D /* GpsView.swift in Sources */ = {isa = PBXBuildFile; fileRef = 9F0A8460293AD59200EE9D5D /* GpsView.swift */; };
		9F0A8463293AD59600EE9D5D /* GuiClientView.swift in Sources */ = {isa = PBXBuildFile; fileRef = 9F0A8462293AD59600EE9D5D /* GuiClientView.swift */; };
		9F0A8465293AD59B00EE9D5D /* InterlockView.swift in Sources */ = {isa = PBXBuildFile; fileRef = 9F0A8464293AD59B00EE9D5D /* InterlockView.swift */; };
		9F0A8467293AD59F00EE9D5D /* MemoryView.swift in Sources */ = {isa = PBXBuildFile; fileRef = 9F0A8466293AD59F00EE9D5D /* MemoryView.swift */; };
		9F0A8469293AD5A200EE9D5D /* MeterStreamView.swift in Sources */ = {isa = PBXBuildFile; fileRef = 9F0A8468293AD5A200EE9D5D /* MeterStreamView.swift */; };
		9F0A846B293AD5A600EE9D5D /* MiscView.swift in Sources */ = {isa = PBXBuildFile; fileRef = 9F0A846A293AD5A600EE9D5D /* MiscView.swift */; };
		9F0A846D293AD5AD00EE9D5D /* MeterView.swift in Sources */ = {isa = PBXBuildFile; fileRef = 9F0A846C293AD5AD00EE9D5D /* MeterView.swift */; };
		9F0A846F293AD5B300EE9D5D /* NetworkView.swift in Sources */ = {isa = PBXBuildFile; fileRef = 9F0A846E293AD5B300EE9D5D /* NetworkView.swift */; };
		9F0A8471293AD5B700EE9D5D /* ProfileView.swift in Sources */ = {isa = PBXBuildFile; fileRef = 9F0A8470293AD5B700EE9D5D /* ProfileView.swift */; };
		9F0A8473293AD5BC00EE9D5D /* PanadapterView.swift in Sources */ = {isa = PBXBuildFile; fileRef = 9F0A8472293AD5BC00EE9D5D /* PanadapterView.swift */; };
		9F0A8475293AD5C000EE9D5D /* StreamView.swift in Sources */ = {isa = PBXBuildFile; fileRef = 9F0A8474293AD5C000EE9D5D /* StreamView.swift */; };
		9F0A8477293AD5C300EE9D5D /* TesterView.swift in Sources */ = {isa = PBXBuildFile; fileRef = 9F0A8476293AD5C300EE9D5D /* TesterView.swift */; };
		9F0A8479293AD5C700EE9D5D /* TnfView.swift in Sources */ = {isa = PBXBuildFile; fileRef = 9F0A8478293AD5C700EE9D5D /* TnfView.swift */; };
		9F0A847B293AD5CB00EE9D5D /* TransmitView.swift in Sources */ = {isa = PBXBuildFile; fileRef = 9F0A847A293AD5CB00EE9D5D /* TransmitView.swift */; };
		9F0A847D293AD5D100EE9D5D /* UsbCableView.swift in Sources */ = {isa = PBXBuildFile; fileRef = 9F0A847C293AD5D100EE9D5D /* UsbCableView.swift */; };
		9F0A847F293AD5D500EE9D5D /* WanView.swift in Sources */ = {isa = PBXBuildFile; fileRef = 9F0A847E293AD5D400EE9D5D /* WanView.swift */; };
		9F0A8481293AD5D700EE9D5D /* WaveformView.swift in Sources */ = {isa = PBXBuildFile; fileRef = 9F0A8480293AD5D700EE9D5D /* WaveformView.swift */; };
		9F0A8483293AD5DA00EE9D5D /* XvtrView.swift in Sources */ = {isa = PBXBuildFile; fileRef = 9F0A8482293AD5DA00EE9D5D /* XvtrView.swift */; };
		9F12203E2A08992500D6D39C /* SideControlFeature in Frameworks */ = {isa = PBXBuildFile; productRef = 9F12203D2A08992500D6D39C /* SideControlFeature */; };
		9F1220402A08992500D6D39C /* SettingsFeature in Frameworks */ = {isa = PBXBuildFile; productRef = 9F12203F2A08992500D6D39C /* SettingsFeature */; };
		9F1220432A08998E00D6D39C /* FlexApi in Frameworks */ = {isa = PBXBuildFile; productRef = 9F1220422A08998E00D6D39C /* FlexApi */; };
		9F1220452A08998E00D6D39C /* FlexErrors in Frameworks */ = {isa = PBXBuildFile; productRef = 9F1220442A08998E00D6D39C /* FlexErrors */; };
		9F1220472A08998F00D6D39C /* Listener in Frameworks */ = {isa = PBXBuildFile; productRef = 9F1220462A08998F00D6D39C /* Listener */; };
		9F1220492A08998F00D6D39C /* Shared in Frameworks */ = {isa = PBXBuildFile; productRef = 9F1220482A08998F00D6D39C /* Shared */; };
		9F12204B2A08998F00D6D39C /* Tcp in Frameworks */ = {isa = PBXBuildFile; productRef = 9F12204A2A08998F00D6D39C /* Tcp */; };
		9F12204D2A08998F00D6D39C /* Udp in Frameworks */ = {isa = PBXBuildFile; productRef = 9F12204C2A08998F00D6D39C /* Udp */; };
		9F12204F2A08999000D6D39C /* Vita in Frameworks */ = {isa = PBXBuildFile; productRef = 9F12204E2A08999000D6D39C /* Vita */; };
		9F1220522A0899C400D6D39C /* PanafallFeature in Frameworks */ = {isa = PBXBuildFile; productRef = 9F1220512A0899C400D6D39C /* PanafallFeature */; };
		9F1220552A0899E900D6D39C /* ClientFeature in Frameworks */ = {isa = PBXBuildFile; productRef = 9F1220542A0899E900D6D39C /* ClientFeature */; };
		9F1220572A0899E900D6D39C /* LogFeature in Frameworks */ = {isa = PBXBuildFile; productRef = 9F1220562A0899E900D6D39C /* LogFeature */; };
		9F1220592A0899EA00D6D39C /* LoginFeature in Frameworks */ = {isa = PBXBuildFile; productRef = 9F1220582A0899EA00D6D39C /* LoginFeature */; };
		9F12205B2A0899EA00D6D39C /* MonitorView in Frameworks */ = {isa = PBXBuildFile; productRef = 9F12205A2A0899EA00D6D39C /* MonitorView */; };
		9F12205D2A0899EB00D6D39C /* PickerFeature in Frameworks */ = {isa = PBXBuildFile; productRef = 9F12205C2A0899EB00D6D39C /* PickerFeature */; };
		9F1220602A089A3D00D6D39C /* OpusEncoder in Frameworks */ = {isa = PBXBuildFile; productRef = 9F12205F2A089A3D00D6D39C /* OpusEncoder */; };
		9F1220622A089A3E00D6D39C /* OpusPlayer in Frameworks */ = {isa = PBXBuildFile; productRef = 9F1220612A089A3E00D6D39C /* OpusPlayer */; };
		9F1220642A089A3E00D6D39C /* RingBuffer in Frameworks */ = {isa = PBXBuildFile; productRef = 9F1220632A089A3E00D6D39C /* RingBuffer */; };
		9F1220662A089A3F00D6D39C /* XCGWrapper in Frameworks */ = {isa = PBXBuildFile; productRef = 9F1220652A089A3F00D6D39C /* XCGWrapper */; };
		9F1220692A089A8F00D6D39C /* ApiIntView in Frameworks */ = {isa = PBXBuildFile; productRef = 9F1220682A089A8F00D6D39C /* ApiIntView */; };
		9F12206B2A089A9000D6D39C /* ApiStringView in Frameworks */ = {isa = PBXBuildFile; productRef = 9F12206A2A089A9000D6D39C /* ApiStringView */; };
		9F12206D2A089A9100D6D39C /* LevelIndicatorView in Frameworks */ = {isa = PBXBuildFile; productRef = 9F12206C2A089A9100D6D39C /* LevelIndicatorView */; };
		9F33A5B62935A02000F9EEFC /* FiltersView.swift in Sources */ = {isa = PBXBuildFile; fileRef = 9F33A5B52935A01F00F9EEFC /* FiltersView.swift */; };
		9F33A5B82935A02300F9EEFC /* MessagesView.swift in Sources */ = {isa = PBXBuildFile; fileRef = 9F33A5B72935A02300F9EEFC /* MessagesView.swift */; };
		9F33A5BA2935A02700F9EEFC /* ObjectsView.swift in Sources */ = {isa = PBXBuildFile; fileRef = 9F33A5B92935A02700F9EEFC /* ObjectsView.swift */; };
		9F33A5BC2935A02B00F9EEFC /* SendView.swift in Sources */ = {isa = PBXBuildFile; fileRef = 9F33A5BB2935A02B00F9EEFC /* SendView.swift */; };
		9FE8947329358DD700C12DE2 /* Api6000App.swift in Sources */ = {isa = PBXBuildFile; fileRef = 9FE8947229358DD700C12DE2 /* Api6000App.swift */; };
		9FE8947729358DD800C12DE2 /* Assets.xcassets in Resources */ = {isa = PBXBuildFile; fileRef = 9FE8947629358DD800C12DE2 /* Assets.xcassets */; };
		9FE8947A29358DD800C12DE2 /* Preview Assets.xcassets in Resources */ = {isa = PBXBuildFile; fileRef = 9FE8947929358DD800C12DE2 /* Preview Assets.xcassets */; };
		9FE8948B2935918A00C12DE2 /* ApiView.swift in Sources */ = {isa = PBXBuildFile; fileRef = 9FE894872935918A00C12DE2 /* ApiView.swift */; };
		9FE8948C2935918A00C12DE2 /* ApiCore.swift in Sources */ = {isa = PBXBuildFile; fileRef = 9FE894882935918A00C12DE2 /* ApiCore.swift */; };
		9FE894962935957B00C12DE2 /* MessagesModel.swift in Sources */ = {isa = PBXBuildFile; fileRef = 9FE894952935957B00C12DE2 /* MessagesModel.swift */; };
/* End PBXBuildFile section */

/* Begin PBXFileReference section */
		9F0480E829464365004D3837 /* README.md */ = {isa = PBXFileReference; lastKnownFileType = net.daringfireball.markdown; path = README.md; sourceTree = "<group>"; };
		9F0A8454293AD56700EE9D5D /* RadioView.swift */ = {isa = PBXFileReference; lastKnownFileType = sourcecode.swift; path = RadioView.swift; sourceTree = "<group>"; };
		9F0A8456293AD57C00EE9D5D /* AmplifierView.swift */ = {isa = PBXFileReference; lastKnownFileType = sourcecode.swift; path = AmplifierView.swift; sourceTree = "<group>"; };
		9F0A8458293AD58100EE9D5D /* AtuView.swift */ = {isa = PBXFileReference; lastKnownFileType = sourcecode.swift; path = AtuView.swift; sourceTree = "<group>"; };
		9F0A845A293AD58500EE9D5D /* BandSettingView.swift */ = {isa = PBXFileReference; lastKnownFileType = sourcecode.swift; path = BandSettingView.swift; sourceTree = "<group>"; };
		9F0A845C293AD58900EE9D5D /* CwxView.swift */ = {isa = PBXFileReference; lastKnownFileType = sourcecode.swift; path = CwxView.swift; sourceTree = "<group>"; };
		9F0A845E293AD58F00EE9D5D /* EqualizerView.swift */ = {isa = PBXFileReference; lastKnownFileType = sourcecode.swift; path = EqualizerView.swift; sourceTree = "<group>"; };
		9F0A8460293AD59200EE9D5D /* GpsView.swift */ = {isa = PBXFileReference; lastKnownFileType = sourcecode.swift; path = GpsView.swift; sourceTree = "<group>"; };
		9F0A8462293AD59600EE9D5D /* GuiClientView.swift */ = {isa = PBXFileReference; lastKnownFileType = sourcecode.swift; path = GuiClientView.swift; sourceTree = "<group>"; };
		9F0A8464293AD59B00EE9D5D /* InterlockView.swift */ = {isa = PBXFileReference; lastKnownFileType = sourcecode.swift; path = InterlockView.swift; sourceTree = "<group>"; };
		9F0A8466293AD59F00EE9D5D /* MemoryView.swift */ = {isa = PBXFileReference; lastKnownFileType = sourcecode.swift; path = MemoryView.swift; sourceTree = "<group>"; };
		9F0A8468293AD5A200EE9D5D /* MeterStreamView.swift */ = {isa = PBXFileReference; lastKnownFileType = sourcecode.swift; path = MeterStreamView.swift; sourceTree = "<group>"; };
		9F0A846A293AD5A600EE9D5D /* MiscView.swift */ = {isa = PBXFileReference; lastKnownFileType = sourcecode.swift; path = MiscView.swift; sourceTree = "<group>"; };
		9F0A846C293AD5AD00EE9D5D /* MeterView.swift */ = {isa = PBXFileReference; lastKnownFileType = sourcecode.swift; path = MeterView.swift; sourceTree = "<group>"; };
		9F0A846E293AD5B300EE9D5D /* NetworkView.swift */ = {isa = PBXFileReference; lastKnownFileType = sourcecode.swift; path = NetworkView.swift; sourceTree = "<group>"; };
		9F0A8470293AD5B700EE9D5D /* ProfileView.swift */ = {isa = PBXFileReference; lastKnownFileType = sourcecode.swift; path = ProfileView.swift; sourceTree = "<group>"; };
		9F0A8472293AD5BC00EE9D5D /* PanadapterView.swift */ = {isa = PBXFileReference; lastKnownFileType = sourcecode.swift; path = PanadapterView.swift; sourceTree = "<group>"; };
		9F0A8474293AD5C000EE9D5D /* StreamView.swift */ = {isa = PBXFileReference; lastKnownFileType = sourcecode.swift; path = StreamView.swift; sourceTree = "<group>"; };
		9F0A8476293AD5C300EE9D5D /* TesterView.swift */ = {isa = PBXFileReference; lastKnownFileType = sourcecode.swift; path = TesterView.swift; sourceTree = "<group>"; };
		9F0A8478293AD5C700EE9D5D /* TnfView.swift */ = {isa = PBXFileReference; lastKnownFileType = sourcecode.swift; path = TnfView.swift; sourceTree = "<group>"; };
		9F0A847A293AD5CB00EE9D5D /* TransmitView.swift */ = {isa = PBXFileReference; lastKnownFileType = sourcecode.swift; path = TransmitView.swift; sourceTree = "<group>"; };
		9F0A847C293AD5D100EE9D5D /* UsbCableView.swift */ = {isa = PBXFileReference; lastKnownFileType = sourcecode.swift; path = UsbCableView.swift; sourceTree = "<group>"; };
		9F0A847E293AD5D400EE9D5D /* WanView.swift */ = {isa = PBXFileReference; lastKnownFileType = sourcecode.swift; path = WanView.swift; sourceTree = "<group>"; };
		9F0A8480293AD5D700EE9D5D /* WaveformView.swift */ = {isa = PBXFileReference; lastKnownFileType = sourcecode.swift; path = WaveformView.swift; sourceTree = "<group>"; };
		9F0A8482293AD5DA00EE9D5D /* XvtrView.swift */ = {isa = PBXFileReference; lastKnownFileType = sourcecode.swift; path = XvtrView.swift; sourceTree = "<group>"; };
		9F12208A2A0D18A400D6D39C /* PanFeature */ = {isa = PBXFileReference; lastKnownFileType = wrapper; name = PanFeature; path = ../Packages/PanFeature; sourceTree = "<group>"; };
		9F33A5B52935A01F00F9EEFC /* FiltersView.swift */ = {isa = PBXFileReference; lastKnownFileType = sourcecode.swift; path = FiltersView.swift; sourceTree = "<group>"; };
		9F33A5B72935A02300F9EEFC /* MessagesView.swift */ = {isa = PBXFileReference; lastKnownFileType = sourcecode.swift; path = MessagesView.swift; sourceTree = "<group>"; };
		9F33A5B92935A02700F9EEFC /* ObjectsView.swift */ = {isa = PBXFileReference; lastKnownFileType = sourcecode.swift; path = ObjectsView.swift; sourceTree = "<group>"; };
		9F33A5BB2935A02B00F9EEFC /* SendView.swift */ = {isa = PBXFileReference; lastKnownFileType = sourcecode.swift; path = SendView.swift; sourceTree = "<group>"; };
		9FE8946F29358DD700C12DE2 /* Api6000.app */ = {isa = PBXFileReference; explicitFileType = wrapper.application; includeInIndex = 0; path = Api6000.app; sourceTree = BUILT_PRODUCTS_DIR; };
		9FE8947229358DD700C12DE2 /* Api6000App.swift */ = {isa = PBXFileReference; lastKnownFileType = sourcecode.swift; path = Api6000App.swift; sourceTree = "<group>"; };
		9FE8947629358DD800C12DE2 /* Assets.xcassets */ = {isa = PBXFileReference; lastKnownFileType = folder.assetcatalog; path = Assets.xcassets; sourceTree = "<group>"; };
		9FE8947929358DD800C12DE2 /* Preview Assets.xcassets */ = {isa = PBXFileReference; lastKnownFileType = folder.assetcatalog; path = "Preview Assets.xcassets"; sourceTree = "<group>"; };
		9FE8947B29358DD800C12DE2 /* Api6000.entitlements */ = {isa = PBXFileReference; lastKnownFileType = text.plist.entitlements; path = Api6000.entitlements; sourceTree = "<group>"; };
		9FE894872935918A00C12DE2 /* ApiView.swift */ = {isa = PBXFileReference; fileEncoding = 4; lastKnownFileType = sourcecode.swift; path = ApiView.swift; sourceTree = "<group>"; };
		9FE894882935918A00C12DE2 /* ApiCore.swift */ = {isa = PBXFileReference; fileEncoding = 4; lastKnownFileType = sourcecode.swift; path = ApiCore.swift; sourceTree = "<group>"; };
		9FE894952935957B00C12DE2 /* MessagesModel.swift */ = {isa = PBXFileReference; fileEncoding = 4; lastKnownFileType = sourcecode.swift; path = MessagesModel.swift; sourceTree = "<group>"; };
/* End PBXFileReference section */

/* Begin PBXFrameworksBuildPhase section */
		9FE8946C29358DD700C12DE2 /* Frameworks */ = {
			isa = PBXFrameworksBuildPhase;
			buildActionMask = 2147483647;
			files = (
				9F12206D2A089A9100D6D39C /* LevelIndicatorView in Frameworks */,
				9F12205D2A0899EB00D6D39C /* PickerFeature in Frameworks */,
				9F1220552A0899E900D6D39C /* ClientFeature in Frameworks */,
				9F1220692A089A8F00D6D39C /* ApiIntView in Frameworks */,
				9F1220602A089A3D00D6D39C /* OpusEncoder in Frameworks */,
				9F1220662A089A3F00D6D39C /* XCGWrapper in Frameworks */,
				9F1220432A08998E00D6D39C /* FlexApi in Frameworks */,
				9F1220402A08992500D6D39C /* SettingsFeature in Frameworks */,
				9F1220472A08998F00D6D39C /* Listener in Frameworks */,
				9F1220642A089A3E00D6D39C /* RingBuffer in Frameworks */,
				9F1220452A08998E00D6D39C /* FlexErrors in Frameworks */,
				9F12204D2A08998F00D6D39C /* Udp in Frameworks */,
				9F12204B2A08998F00D6D39C /* Tcp in Frameworks */,
				9F12204F2A08999000D6D39C /* Vita in Frameworks */,
				9F1220572A0899E900D6D39C /* LogFeature in Frameworks */,
				9F12203E2A08992500D6D39C /* SideControlFeature in Frameworks */,
				9F12205B2A0899EA00D6D39C /* MonitorView in Frameworks */,
				9F1220522A0899C400D6D39C /* PanafallFeature in Frameworks */,
				9F1220592A0899EA00D6D39C /* LoginFeature in Frameworks */,
				9F12206B2A089A9000D6D39C /* ApiStringView in Frameworks */,
				9F1220492A08998F00D6D39C /* Shared in Frameworks */,
				9F1220622A089A3E00D6D39C /* OpusPlayer in Frameworks */,
			);
			runOnlyForDeploymentPostprocessing = 0;
		};
/* End PBXFrameworksBuildPhase section */

/* Begin PBXGroup section */
		9F0A8425293A77A900EE9D5D /* Frameworks */ = {
			isa = PBXGroup;
			children = (
			);
			name = Frameworks;
			sourceTree = "<group>";
		};
		9F33A5BD2935A07300F9EEFC /* SubViews */ = {
			isa = PBXGroup;
			children = (
				9F0A8456293AD57C00EE9D5D /* AmplifierView.swift */,
				9F0A8458293AD58100EE9D5D /* AtuView.swift */,
				9F0A845A293AD58500EE9D5D /* BandSettingView.swift */,
				9F0A845C293AD58900EE9D5D /* CwxView.swift */,
				9F0A845E293AD58F00EE9D5D /* EqualizerView.swift */,
				9F33A5B52935A01F00F9EEFC /* FiltersView.swift */,
				9F0A8460293AD59200EE9D5D /* GpsView.swift */,
				9F0A8462293AD59600EE9D5D /* GuiClientView.swift */,
				9F0A8464293AD59B00EE9D5D /* InterlockView.swift */,
				9F0A8466293AD59F00EE9D5D /* MemoryView.swift */,
				9F33A5B72935A02300F9EEFC /* MessagesView.swift */,
				9F0A8468293AD5A200EE9D5D /* MeterStreamView.swift */,
				9F0A846C293AD5AD00EE9D5D /* MeterView.swift */,
				9F0A846A293AD5A600EE9D5D /* MiscView.swift */,
				9F0A846E293AD5B300EE9D5D /* NetworkView.swift */,
				9F33A5B92935A02700F9EEFC /* ObjectsView.swift */,
				9F0A8472293AD5BC00EE9D5D /* PanadapterView.swift */,
				9F0A8470293AD5B700EE9D5D /* ProfileView.swift */,
				9F0A8454293AD56700EE9D5D /* RadioView.swift */,
				9F33A5BB2935A02B00F9EEFC /* SendView.swift */,
				9F0A8474293AD5C000EE9D5D /* StreamView.swift */,
				9F0A8476293AD5C300EE9D5D /* TesterView.swift */,
				9F0A8478293AD5C700EE9D5D /* TnfView.swift */,
				9F0A847A293AD5CB00EE9D5D /* TransmitView.swift */,
				9F0A847C293AD5D100EE9D5D /* UsbCableView.swift */,
				9F0A847E293AD5D400EE9D5D /* WanView.swift */,
				9F0A8480293AD5D700EE9D5D /* WaveformView.swift */,
				9F0A8482293AD5DA00EE9D5D /* XvtrView.swift */,
			);
			path = SubViews;
			sourceTree = "<group>";
		};
		9FE8946629358DD700C12DE2 = {
			isa = PBXGroup;
			children = (
				9F12208A2A0D18A400D6D39C /* PanFeature */,
				9F0480E829464365004D3837 /* README.md */,
				9FE8947129358DD700C12DE2 /* Api6000 */,
				9FE8947029358DD700C12DE2 /* Products */,
				9F0A8425293A77A900EE9D5D /* Frameworks */,
			);
			sourceTree = "<group>";
		};
		9FE8947029358DD700C12DE2 /* Products */ = {
			isa = PBXGroup;
			children = (
				9FE8946F29358DD700C12DE2 /* Api6000.app */,
			);
			name = Products;
			sourceTree = "<group>";
		};
		9FE8947129358DD700C12DE2 /* Api6000 */ = {
			isa = PBXGroup;
			children = (
				9FE894952935957B00C12DE2 /* MessagesModel.swift */,
				9FE894882935918A00C12DE2 /* ApiCore.swift */,
				9FE894872935918A00C12DE2 /* ApiView.swift */,
				9F33A5BD2935A07300F9EEFC /* SubViews */,
				9FE8947229358DD700C12DE2 /* Api6000App.swift */,
				9FE8947629358DD800C12DE2 /* Assets.xcassets */,
				9FE8947B29358DD800C12DE2 /* Api6000.entitlements */,
				9FE8947829358DD800C12DE2 /* Preview Content */,
			);
			path = Api6000;
			sourceTree = "<group>";
		};
		9FE8947829358DD800C12DE2 /* Preview Content */ = {
			isa = PBXGroup;
			children = (
				9FE8947929358DD800C12DE2 /* Preview Assets.xcassets */,
			);
			path = "Preview Content";
			sourceTree = "<group>";
		};
/* End PBXGroup section */

/* Begin PBXNativeTarget section */
		9FE8946E29358DD700C12DE2 /* Api6000 */ = {
			isa = PBXNativeTarget;
			buildConfigurationList = 9FE8947E29358DD800C12DE2 /* Build configuration list for PBXNativeTarget "Api6000" */;
			buildPhases = (
				9FE8946B29358DD700C12DE2 /* Sources */,
				9FE8946C29358DD700C12DE2 /* Frameworks */,
				9FE8946D29358DD700C12DE2 /* Resources */,
			);
			buildRules = (
			);
			dependencies = (
			);
			name = Api6000;
			packageProductDependencies = (
				9F12203D2A08992500D6D39C /* SideControlFeature */,
				9F12203F2A08992500D6D39C /* SettingsFeature */,
				9F1220422A08998E00D6D39C /* FlexApi */,
				9F1220442A08998E00D6D39C /* FlexErrors */,
				9F1220462A08998F00D6D39C /* Listener */,
				9F1220482A08998F00D6D39C /* Shared */,
				9F12204A2A08998F00D6D39C /* Tcp */,
				9F12204C2A08998F00D6D39C /* Udp */,
				9F12204E2A08999000D6D39C /* Vita */,
				9F1220512A0899C400D6D39C /* PanafallFeature */,
				9F1220542A0899E900D6D39C /* ClientFeature */,
				9F1220562A0899E900D6D39C /* LogFeature */,
				9F1220582A0899EA00D6D39C /* LoginFeature */,
				9F12205A2A0899EA00D6D39C /* MonitorView */,
				9F12205C2A0899EB00D6D39C /* PickerFeature */,
				9F12205F2A089A3D00D6D39C /* OpusEncoder */,
				9F1220612A089A3E00D6D39C /* OpusPlayer */,
				9F1220632A089A3E00D6D39C /* RingBuffer */,
				9F1220652A089A3F00D6D39C /* XCGWrapper */,
				9F1220682A089A8F00D6D39C /* ApiIntView */,
				9F12206A2A089A9000D6D39C /* ApiStringView */,
				9F12206C2A089A9100D6D39C /* LevelIndicatorView */,
			);
			productName = Api6000;
			productReference = 9FE8946F29358DD700C12DE2 /* Api6000.app */;
			productType = "com.apple.product-type.application";
		};
/* End PBXNativeTarget section */

/* Begin PBXProject section */
		9FE8946729358DD700C12DE2 /* Project object */ = {
			isa = PBXProject;
			attributes = {
				BuildIndependentTargetsInParallel = 1;
				LastSwiftUpdateCheck = 1410;
				LastUpgradeCheck = 1420;
				TargetAttributes = {
					9FE8946E29358DD700C12DE2 = {
						CreatedOnToolsVersion = 14.1;
					};
				};
			};
			buildConfigurationList = 9FE8946A29358DD700C12DE2 /* Build configuration list for PBXProject "Api6000" */;
			compatibilityVersion = "Xcode 14.0";
			developmentRegion = en;
			hasScannedForEncodings = 0;
			knownRegions = (
				en,
				Base,
			);
			mainGroup = 9FE8946629358DD700C12DE2;
			packageReferences = (
				9FE8948129358F7900C12DE2 /* XCRemoteSwiftPackageReference "swift-composable-architecture" */,
				9F815F172A07E998005AADD1 /* XCRemoteSwiftPackageReference "SideControlFeature" */,
				9F815F712A08444E005AADD1 /* XCRemoteSwiftPackageReference "SettingsFeature" */,
				9F1220412A08998E00D6D39C /* XCRemoteSwiftPackageReference "ApiFeature" */,
				9F1220502A0899C400D6D39C /* XCRemoteSwiftPackageReference "PanFeature" */,
				9F1220532A0899E900D6D39C /* XCRemoteSwiftPackageReference "ViewFeature" */,
				9F12205E2A089A3D00D6D39C /* XCRemoteSwiftPackageReference "UtilityFeature" */,
				9F1220672A089A8F00D6D39C /* XCRemoteSwiftPackageReference "CustomControlFeature" */,
			);
			productRefGroup = 9FE8947029358DD700C12DE2 /* Products */;
			projectDirPath = "";
			projectRoot = "";
			targets = (
				9FE8946E29358DD700C12DE2 /* Api6000 */,
			);
		};
/* End PBXProject section */

/* Begin PBXResourcesBuildPhase section */
		9FE8946D29358DD700C12DE2 /* Resources */ = {
			isa = PBXResourcesBuildPhase;
			buildActionMask = 2147483647;
			files = (
				9FE8947A29358DD800C12DE2 /* Preview Assets.xcassets in Resources */,
				9FE8947729358DD800C12DE2 /* Assets.xcassets in Resources */,
			);
			runOnlyForDeploymentPostprocessing = 0;
		};
/* End PBXResourcesBuildPhase section */

/* Begin PBXSourcesBuildPhase section */
		9FE8946B29358DD700C12DE2 /* Sources */ = {
			isa = PBXSourcesBuildPhase;
			buildActionMask = 2147483647;
			files = (
				9F0A8467293AD59F00EE9D5D /* MemoryView.swift in Sources */,
				9F0A8481293AD5D700EE9D5D /* WaveformView.swift in Sources */,
				9F0A8465293AD59B00EE9D5D /* InterlockView.swift in Sources */,
				9F0A846D293AD5AD00EE9D5D /* MeterView.swift in Sources */,
				9F0A8457293AD57C00EE9D5D /* AmplifierView.swift in Sources */,
				9F0A8455293AD56700EE9D5D /* RadioView.swift in Sources */,
				9F33A5B62935A02000F9EEFC /* FiltersView.swift in Sources */,
				9F0A8483293AD5DA00EE9D5D /* XvtrView.swift in Sources */,
				9F33A5B82935A02300F9EEFC /* MessagesView.swift in Sources */,
				9F0A846F293AD5B300EE9D5D /* NetworkView.swift in Sources */,
				9F0A847D293AD5D100EE9D5D /* UsbCableView.swift in Sources */,
				9F0A845D293AD58900EE9D5D /* CwxView.swift in Sources */,
				9F0A8469293AD5A200EE9D5D /* MeterStreamView.swift in Sources */,
				9F0A846B293AD5A600EE9D5D /* MiscView.swift in Sources */,
				9F0A847F293AD5D500EE9D5D /* WanView.swift in Sources */,
				9F0A8471293AD5B700EE9D5D /* ProfileView.swift in Sources */,
				9F0A8459293AD58100EE9D5D /* AtuView.swift in Sources */,
				9F33A5BA2935A02700F9EEFC /* ObjectsView.swift in Sources */,
				9F0A8463293AD59600EE9D5D /* GuiClientView.swift in Sources */,
				9FE894962935957B00C12DE2 /* MessagesModel.swift in Sources */,
				9F0A847B293AD5CB00EE9D5D /* TransmitView.swift in Sources */,
				9F0A8477293AD5C300EE9D5D /* TesterView.swift in Sources */,
				9F0A8461293AD59200EE9D5D /* GpsView.swift in Sources */,
				9FE8947329358DD700C12DE2 /* Api6000App.swift in Sources */,
				9F0A8473293AD5BC00EE9D5D /* PanadapterView.swift in Sources */,
				9F0A8475293AD5C000EE9D5D /* StreamView.swift in Sources */,
				9F33A5BC2935A02B00F9EEFC /* SendView.swift in Sources */,
				9F0A8479293AD5C700EE9D5D /* TnfView.swift in Sources */,
				9F0A845B293AD58500EE9D5D /* BandSettingView.swift in Sources */,
				9F0A845F293AD58F00EE9D5D /* EqualizerView.swift in Sources */,
				9FE8948B2935918A00C12DE2 /* ApiView.swift in Sources */,
				9FE8948C2935918A00C12DE2 /* ApiCore.swift in Sources */,
			);
			runOnlyForDeploymentPostprocessing = 0;
		};
/* End PBXSourcesBuildPhase section */

/* Begin XCBuildConfiguration section */
		9FE8947C29358DD800C12DE2 /* Debug */ = {
			isa = XCBuildConfiguration;
			buildSettings = {
				ALWAYS_SEARCH_USER_PATHS = NO;
				CLANG_ANALYZER_NONNULL = YES;
				CLANG_ANALYZER_NUMBER_OBJECT_CONVERSION = YES_AGGRESSIVE;
				CLANG_CXX_LANGUAGE_STANDARD = "gnu++20";
				CLANG_ENABLE_MODULES = YES;
				CLANG_ENABLE_OBJC_ARC = YES;
				CLANG_ENABLE_OBJC_WEAK = YES;
				CLANG_WARN_BLOCK_CAPTURE_AUTORELEASING = YES;
				CLANG_WARN_BOOL_CONVERSION = YES;
				CLANG_WARN_COMMA = YES;
				CLANG_WARN_CONSTANT_CONVERSION = YES;
				CLANG_WARN_DEPRECATED_OBJC_IMPLEMENTATIONS = YES;
				CLANG_WARN_DIRECT_OBJC_ISA_USAGE = YES_ERROR;
				CLANG_WARN_DOCUMENTATION_COMMENTS = YES;
				CLANG_WARN_EMPTY_BODY = YES;
				CLANG_WARN_ENUM_CONVERSION = YES;
				CLANG_WARN_INFINITE_RECURSION = YES;
				CLANG_WARN_INT_CONVERSION = YES;
				CLANG_WARN_NON_LITERAL_NULL_CONVERSION = YES;
				CLANG_WARN_OBJC_IMPLICIT_RETAIN_SELF = YES;
				CLANG_WARN_OBJC_LITERAL_CONVERSION = YES;
				CLANG_WARN_OBJC_ROOT_CLASS = YES_ERROR;
				CLANG_WARN_QUOTED_INCLUDE_IN_FRAMEWORK_HEADER = YES;
				CLANG_WARN_RANGE_LOOP_ANALYSIS = YES;
				CLANG_WARN_STRICT_PROTOTYPES = YES;
				CLANG_WARN_SUSPICIOUS_MOVE = YES;
				CLANG_WARN_UNGUARDED_AVAILABILITY = YES_AGGRESSIVE;
				CLANG_WARN_UNREACHABLE_CODE = YES;
				CLANG_WARN__DUPLICATE_METHOD_MATCH = YES;
				COPY_PHASE_STRIP = NO;
				DEAD_CODE_STRIPPING = YES;
				DEBUG_INFORMATION_FORMAT = dwarf;
				ENABLE_STRICT_OBJC_MSGSEND = YES;
				ENABLE_TESTABILITY = YES;
				GCC_C_LANGUAGE_STANDARD = gnu11;
				GCC_DYNAMIC_NO_PIC = NO;
				GCC_NO_COMMON_BLOCKS = YES;
				GCC_OPTIMIZATION_LEVEL = 0;
				GCC_PREPROCESSOR_DEFINITIONS = (
					"DEBUG=1",
					"$(inherited)",
				);
				GCC_WARN_64_TO_32_BIT_CONVERSION = YES;
				GCC_WARN_ABOUT_RETURN_TYPE = YES_ERROR;
				GCC_WARN_UNDECLARED_SELECTOR = YES;
				GCC_WARN_UNINITIALIZED_AUTOS = YES_AGGRESSIVE;
				GCC_WARN_UNUSED_FUNCTION = YES;
				GCC_WARN_UNUSED_VARIABLE = YES;
				MACOSX_DEPLOYMENT_TARGET = 13.0;
				MTL_ENABLE_DEBUG_INFO = INCLUDE_SOURCE;
				MTL_FAST_MATH = YES;
				ONLY_ACTIVE_ARCH = YES;
				SDKROOT = macosx;
				SWIFT_ACTIVE_COMPILATION_CONDITIONS = DEBUG;
				SWIFT_OPTIMIZATION_LEVEL = "-Onone";
			};
			name = Debug;
		};
		9FE8947D29358DD800C12DE2 /* Release */ = {
			isa = XCBuildConfiguration;
			buildSettings = {
				ALWAYS_SEARCH_USER_PATHS = NO;
				CLANG_ANALYZER_NONNULL = YES;
				CLANG_ANALYZER_NUMBER_OBJECT_CONVERSION = YES_AGGRESSIVE;
				CLANG_CXX_LANGUAGE_STANDARD = "gnu++20";
				CLANG_ENABLE_MODULES = YES;
				CLANG_ENABLE_OBJC_ARC = YES;
				CLANG_ENABLE_OBJC_WEAK = YES;
				CLANG_WARN_BLOCK_CAPTURE_AUTORELEASING = YES;
				CLANG_WARN_BOOL_CONVERSION = YES;
				CLANG_WARN_COMMA = YES;
				CLANG_WARN_CONSTANT_CONVERSION = YES;
				CLANG_WARN_DEPRECATED_OBJC_IMPLEMENTATIONS = YES;
				CLANG_WARN_DIRECT_OBJC_ISA_USAGE = YES_ERROR;
				CLANG_WARN_DOCUMENTATION_COMMENTS = YES;
				CLANG_WARN_EMPTY_BODY = YES;
				CLANG_WARN_ENUM_CONVERSION = YES;
				CLANG_WARN_INFINITE_RECURSION = YES;
				CLANG_WARN_INT_CONVERSION = YES;
				CLANG_WARN_NON_LITERAL_NULL_CONVERSION = YES;
				CLANG_WARN_OBJC_IMPLICIT_RETAIN_SELF = YES;
				CLANG_WARN_OBJC_LITERAL_CONVERSION = YES;
				CLANG_WARN_OBJC_ROOT_CLASS = YES_ERROR;
				CLANG_WARN_QUOTED_INCLUDE_IN_FRAMEWORK_HEADER = YES;
				CLANG_WARN_RANGE_LOOP_ANALYSIS = YES;
				CLANG_WARN_STRICT_PROTOTYPES = YES;
				CLANG_WARN_SUSPICIOUS_MOVE = YES;
				CLANG_WARN_UNGUARDED_AVAILABILITY = YES_AGGRESSIVE;
				CLANG_WARN_UNREACHABLE_CODE = YES;
				CLANG_WARN__DUPLICATE_METHOD_MATCH = YES;
				COPY_PHASE_STRIP = NO;
				DEAD_CODE_STRIPPING = YES;
				DEBUG_INFORMATION_FORMAT = "dwarf-with-dsym";
				ENABLE_NS_ASSERTIONS = NO;
				ENABLE_STRICT_OBJC_MSGSEND = YES;
				GCC_C_LANGUAGE_STANDARD = gnu11;
				GCC_NO_COMMON_BLOCKS = YES;
				GCC_WARN_64_TO_32_BIT_CONVERSION = YES;
				GCC_WARN_ABOUT_RETURN_TYPE = YES_ERROR;
				GCC_WARN_UNDECLARED_SELECTOR = YES;
				GCC_WARN_UNINITIALIZED_AUTOS = YES_AGGRESSIVE;
				GCC_WARN_UNUSED_FUNCTION = YES;
				GCC_WARN_UNUSED_VARIABLE = YES;
				MACOSX_DEPLOYMENT_TARGET = 13.0;
				MTL_ENABLE_DEBUG_INFO = NO;
				MTL_FAST_MATH = YES;
				SDKROOT = macosx;
				SWIFT_COMPILATION_MODE = wholemodule;
				SWIFT_OPTIMIZATION_LEVEL = "-O";
			};
			name = Release;
		};
		9FE8947F29358DD800C12DE2 /* Debug */ = {
			isa = XCBuildConfiguration;
			buildSettings = {
				ASSETCATALOG_COMPILER_APPICON_NAME = AppIcon;
				ASSETCATALOG_COMPILER_GLOBAL_ACCENT_COLOR_NAME = AccentColor;
				CODE_SIGN_ENTITLEMENTS = Api6000/Api6000.entitlements;
				CODE_SIGN_IDENTITY = "-";
				CODE_SIGN_STYLE = Automatic;
				COMBINE_HIDPI_IMAGES = YES;
				CURRENT_PROJECT_VERSION = 1;
				DEAD_CODE_STRIPPING = YES;
				DEVELOPMENT_ASSET_PATHS = "\"Api6000/Preview Content\"";
				DEVELOPMENT_TEAM = EE5B8TYXGA;
				ENABLE_HARDENED_RUNTIME = YES;
				ENABLE_PREVIEWS = YES;
				GENERATE_INFOPLIST_FILE = YES;
				HEADER_SEARCH_PATHS = "";
				INFOPLIST_KEY_NSHumanReadableCopyright = "";
				LD_RUNPATH_SEARCH_PATHS = (
					"$(inherited)",
					"@executable_path/../Frameworks",
				);
				MARKETING_VERSION = 4.1;
				PRODUCT_BUNDLE_IDENTIFIER = net.k3tzr.Api6000;
				PRODUCT_NAME = "$(TARGET_NAME)";
				SWIFT_EMIT_LOC_STRINGS = YES;
				SWIFT_OBJC_BRIDGING_HEADER = "";
				SWIFT_VERSION = 5.0;
			};
			name = Debug;
		};
		9FE8948029358DD800C12DE2 /* Release */ = {
			isa = XCBuildConfiguration;
			buildSettings = {
				ASSETCATALOG_COMPILER_APPICON_NAME = AppIcon;
				ASSETCATALOG_COMPILER_GLOBAL_ACCENT_COLOR_NAME = AccentColor;
				CODE_SIGN_ENTITLEMENTS = Api6000/Api6000.entitlements;
				CODE_SIGN_IDENTITY = "-";
				CODE_SIGN_STYLE = Automatic;
				COMBINE_HIDPI_IMAGES = YES;
				CURRENT_PROJECT_VERSION = 1;
				DEAD_CODE_STRIPPING = YES;
				DEVELOPMENT_ASSET_PATHS = "\"Api6000/Preview Content\"";
				DEVELOPMENT_TEAM = EE5B8TYXGA;
				ENABLE_HARDENED_RUNTIME = YES;
				ENABLE_PREVIEWS = YES;
				GENERATE_INFOPLIST_FILE = YES;
				HEADER_SEARCH_PATHS = "";
				INFOPLIST_KEY_NSHumanReadableCopyright = "";
				LD_RUNPATH_SEARCH_PATHS = (
					"$(inherited)",
					"@executable_path/../Frameworks",
				);
				MARKETING_VERSION = 4.1;
				PRODUCT_BUNDLE_IDENTIFIER = net.k3tzr.Api6000;
				PRODUCT_NAME = "$(TARGET_NAME)";
				SWIFT_EMIT_LOC_STRINGS = YES;
				SWIFT_OBJC_BRIDGING_HEADER = "";
				SWIFT_VERSION = 5.0;
			};
			name = Release;
		};
/* End XCBuildConfiguration section */

/* Begin XCConfigurationList section */
		9FE8946A29358DD700C12DE2 /* Build configuration list for PBXProject "Api6000" */ = {
			isa = XCConfigurationList;
			buildConfigurations = (
				9FE8947C29358DD800C12DE2 /* Debug */,
				9FE8947D29358DD800C12DE2 /* Release */,
			);
			defaultConfigurationIsVisible = 0;
			defaultConfigurationName = Release;
		};
		9FE8947E29358DD800C12DE2 /* Build configuration list for PBXNativeTarget "Api6000" */ = {
			isa = XCConfigurationList;
			buildConfigurations = (
				9FE8947F29358DD800C12DE2 /* Debug */,
				9FE8948029358DD800C12DE2 /* Release */,
			);
			defaultConfigurationIsVisible = 0;
			defaultConfigurationName = Release;
		};
/* End XCConfigurationList section */

/* Begin XCRemoteSwiftPackageReference section */
		9F1220412A08998E00D6D39C /* XCRemoteSwiftPackageReference "ApiFeature" */ = {
			isa = XCRemoteSwiftPackageReference;
			repositoryURL = "https://github.com/K3TZR/ApiFeature.git";
			requirement = {
				branch = main;
				kind = branch;
			};
		};
		9F1220502A0899C400D6D39C /* XCRemoteSwiftPackageReference "PanFeature" */ = {
			isa = XCRemoteSwiftPackageReference;
			repositoryURL = "https://github.com/K3TZR/PanFeature.git";
			requirement = {
				branch = main;
				kind = branch;
			};
		};
		9F1220532A0899E900D6D39C /* XCRemoteSwiftPackageReference "ViewFeature" */ = {
			isa = XCRemoteSwiftPackageReference;
			repositoryURL = "https://github.com/K3TZR/ViewFeature.git";
			requirement = {
				branch = main;
				kind = branch;
			};
		};
		9F12205E2A089A3D00D6D39C /* XCRemoteSwiftPackageReference "UtilityFeature" */ = {
			isa = XCRemoteSwiftPackageReference;
			repositoryURL = "https://github.com/K3TZR/UtilityFeature.git";
			requirement = {
				branch = main;
				kind = branch;
			};
		};
		9F1220672A089A8F00D6D39C /* XCRemoteSwiftPackageReference "CustomControlFeature" */ = {
			isa = XCRemoteSwiftPackageReference;
			repositoryURL = "https://github.com/K3TZR/CustomControlFeature.git";
			requirement = {
				branch = main;
				kind = branch;
			};
		};
		9F815F172A07E998005AADD1 /* XCRemoteSwiftPackageReference "SideControlFeature" */ = {
			isa = XCRemoteSwiftPackageReference;
			repositoryURL = "https://github.com/K3TZR/SideControlFeature.git";
			requirement = {
				branch = main;
				kind = branch;
			};
		};
		9F815F712A08444E005AADD1 /* XCRemoteSwiftPackageReference "SettingsFeature" */ = {
			isa = XCRemoteSwiftPackageReference;
			repositoryURL = "https://github.com/K3TZR/SettingsFeature.git";
			requirement = {
				branch = main;
				kind = branch;
			};
		};
		9FE8948129358F7900C12DE2 /* XCRemoteSwiftPackageReference "swift-composable-architecture" */ = {
			isa = XCRemoteSwiftPackageReference;
			repositoryURL = "https://github.com/pointfreeco/swift-composable-architecture.git";
			requirement = {
				kind = exactVersion;
				version = 0.52.0;
			};
		};
/* End XCRemoteSwiftPackageReference section */

/* Begin XCSwiftPackageProductDependency section */
		9F12203D2A08992500D6D39C /* SideControlFeature */ = {
			isa = XCSwiftPackageProductDependency;
			package = 9F815F172A07E998005AADD1 /* XCRemoteSwiftPackageReference "SideControlFeature" */;
			productName = SideControlFeature;
		};
		9F12203F2A08992500D6D39C /* SettingsFeature */ = {
			isa = XCSwiftPackageProductDependency;
			package = 9F815F712A08444E005AADD1 /* XCRemoteSwiftPackageReference "SettingsFeature" */;
			productName = SettingsFeature;
		};
		9F1220422A08998E00D6D39C /* FlexApi */ = {
			isa = XCSwiftPackageProductDependency;
			package = 9F1220412A08998E00D6D39C /* XCRemoteSwiftPackageReference "ApiFeature" */;
			productName = FlexApi;
		};
		9F1220442A08998E00D6D39C /* FlexErrors */ = {
			isa = XCSwiftPackageProductDependency;
			package = 9F1220412A08998E00D6D39C /* XCRemoteSwiftPackageReference "ApiFeature" */;
			productName = FlexErrors;
		};
		9F1220462A08998F00D6D39C /* Listener */ = {
			isa = XCSwiftPackageProductDependency;
			package = 9F1220412A08998E00D6D39C /* XCRemoteSwiftPackageReference "ApiFeature" */;
			productName = Listener;
		};
		9F1220482A08998F00D6D39C /* Shared */ = {
			isa = XCSwiftPackageProductDependency;
			package = 9F1220412A08998E00D6D39C /* XCRemoteSwiftPackageReference "ApiFeature" */;
			productName = Shared;
		};
		9F12204A2A08998F00D6D39C /* Tcp */ = {
			isa = XCSwiftPackageProductDependency;
			package = 9F1220412A08998E00D6D39C /* XCRemoteSwiftPackageReference "ApiFeature" */;
			productName = Tcp;
		};
		9F12204C2A08998F00D6D39C /* Udp */ = {
			isa = XCSwiftPackageProductDependency;
			package = 9F1220412A08998E00D6D39C /* XCRemoteSwiftPackageReference "ApiFeature" */;
			productName = Udp;
		};
		9F12204E2A08999000D6D39C /* Vita */ = {
			isa = XCSwiftPackageProductDependency;
			package = 9F1220412A08998E00D6D39C /* XCRemoteSwiftPackageReference "ApiFeature" */;
			productName = Vita;
		};
		9F1220512A0899C400D6D39C /* PanafallFeature */ = {
			isa = XCSwiftPackageProductDependency;
			package = 9F1220502A0899C400D6D39C /* XCRemoteSwiftPackageReference "PanFeature" */;
			productName = PanafallFeature;
		};
		9F1220542A0899E900D6D39C /* ClientFeature */ = {
			isa = XCSwiftPackageProductDependency;
			package = 9F1220532A0899E900D6D39C /* XCRemoteSwiftPackageReference "ViewFeature" */;
			productName = ClientFeature;
		};
		9F1220562A0899E900D6D39C /* LogFeature */ = {
			isa = XCSwiftPackageProductDependency;
			package = 9F1220532A0899E900D6D39C /* XCRemoteSwiftPackageReference "ViewFeature" */;
			productName = LogFeature;
		};
		9F1220582A0899EA00D6D39C /* LoginFeature */ = {
			isa = XCSwiftPackageProductDependency;
			package = 9F1220532A0899E900D6D39C /* XCRemoteSwiftPackageReference "ViewFeature" */;
			productName = LoginFeature;
		};
		9F12205A2A0899EA00D6D39C /* MonitorView */ = {
			isa = XCSwiftPackageProductDependency;
			package = 9F1220532A0899E900D6D39C /* XCRemoteSwiftPackageReference "ViewFeature" */;
			productName = MonitorView;
		};
		9F12205C2A0899EB00D6D39C /* PickerFeature */ = {
			isa = XCSwiftPackageProductDependency;
			package = 9F1220532A0899E900D6D39C /* XCRemoteSwiftPackageReference "ViewFeature" */;
			productName = PickerFeature;
		};
		9F12205F2A089A3D00D6D39C /* OpusEncoder */ = {
			isa = XCSwiftPackageProductDependency;
			package = 9F12205E2A089A3D00D6D39C /* XCRemoteSwiftPackageReference "UtilityFeature" */;
			productName = OpusEncoder;
		};
		9F1220612A089A3E00D6D39C /* OpusPlayer */ = {
			isa = XCSwiftPackageProductDependency;
			package = 9F12205E2A089A3D00D6D39C /* XCRemoteSwiftPackageReference "UtilityFeature" */;
			productName = OpusPlayer;
		};
		9F1220632A089A3E00D6D39C /* RingBuffer */ = {
			isa = XCSwiftPackageProductDependency;
			package = 9F12205E2A089A3D00D6D39C /* XCRemoteSwiftPackageReference "UtilityFeature" */;
			productName = RingBuffer;
		};
		9F1220652A089A3F00D6D39C /* XCGWrapper */ = {
			isa = XCSwiftPackageProductDependency;
			package = 9F12205E2A089A3D00D6D39C /* XCRemoteSwiftPackageReference "UtilityFeature" */;
			productName = XCGWrapper;
		};
		9F1220682A089A8F00D6D39C /* ApiIntView */ = {
			isa = XCSwiftPackageProductDependency;
			package = 9F1220672A089A8F00D6D39C /* XCRemoteSwiftPackageReference "CustomControlFeature" */;
			productName = ApiIntView;
		};
		9F12206A2A089A9000D6D39C /* ApiStringView */ = {
			isa = XCSwiftPackageProductDependency;
			package = 9F1220672A089A8F00D6D39C /* XCRemoteSwiftPackageReference "CustomControlFeature" */;
			productName = ApiStringView;
		};
		9F12206C2A089A9100D6D39C /* LevelIndicatorView */ = {
			isa = XCSwiftPackageProductDependency;
			package = 9F1220672A089A8F00D6D39C /* XCRemoteSwiftPackageReference "CustomControlFeature" */;
			productName = LevelIndicatorView;
		};
/* End XCSwiftPackageProductDependency section */
	};
	rootObject = 9FE8946729358DD700C12DE2 /* Project object */;
}
