// !$*UTF8*$!
{
	archiveVersion = 1;
	classes = {
	};
	objectVersion = 56;
	objects = {

/* Begin PBXBuildFile section */
		9F0307AD2A1B0C9B00E02BB6 /* LogView in Frameworks */ = {isa = PBXBuildFile; productRef = 9F0307AC2A1B0C9B00E02BB6 /* LogView */; };
		9F0307AF2A1B0C9B00E02BB6 /* LoginDialog in Frameworks */ = {isa = PBXBuildFile; productRef = 9F0307AE2A1B0C9B00E02BB6 /* LoginDialog */; };
		9F0307B12A1B0C9B00E02BB6 /* MonitorControl in Frameworks */ = {isa = PBXBuildFile; productRef = 9F0307B02A1B0C9B00E02BB6 /* MonitorControl */; };
		9F0307B32A1B0C9B00E02BB6 /* RadioPicker in Frameworks */ = {isa = PBXBuildFile; productRef = 9F0307B22A1B0C9B00E02BB6 /* RadioPicker */; };
		9F0307B52A1B0CCE00E02BB6 /* FlexApi in Frameworks */ = {isa = PBXBuildFile; productRef = 9F0307B42A1B0CCE00E02BB6 /* FlexApi */; };
		9F0307B72A1B0CCE00E02BB6 /* FlexErrors in Frameworks */ = {isa = PBXBuildFile; productRef = 9F0307B62A1B0CCE00E02BB6 /* FlexErrors */; };
		9F0307B92A1B0CCE00E02BB6 /* Listener in Frameworks */ = {isa = PBXBuildFile; productRef = 9F0307B82A1B0CCE00E02BB6 /* Listener */; };
		9F0307BB2A1B0CCE00E02BB6 /* Shared in Frameworks */ = {isa = PBXBuildFile; productRef = 9F0307BA2A1B0CCE00E02BB6 /* Shared */; };
		9F0307BD2A1B0CCE00E02BB6 /* Tcp in Frameworks */ = {isa = PBXBuildFile; productRef = 9F0307BC2A1B0CCE00E02BB6 /* Tcp */; };
		9F0307BF2A1B0CCE00E02BB6 /* Udp in Frameworks */ = {isa = PBXBuildFile; productRef = 9F0307BE2A1B0CCE00E02BB6 /* Udp */; };
		9F0307C12A1B0CCE00E02BB6 /* Vita in Frameworks */ = {isa = PBXBuildFile; productRef = 9F0307C02A1B0CCE00E02BB6 /* Vita */; };
		9F0307C42A1B0D1100E02BB6 /* ApiIntView in Frameworks */ = {isa = PBXBuildFile; productRef = 9F0307C32A1B0D1100E02BB6 /* ApiIntView */; };
		9F0307C62A1B0D1100E02BB6 /* ApiStringView in Frameworks */ = {isa = PBXBuildFile; productRef = 9F0307C52A1B0D1100E02BB6 /* ApiStringView */; };
		9F0307C82A1B0D1100E02BB6 /* LevelIndicatorView in Frameworks */ = {isa = PBXBuildFile; productRef = 9F0307C72A1B0D1100E02BB6 /* LevelIndicatorView */; };
		9F0307CA2A1B0D1100E02BB6 /* ProgressFeature in Frameworks */ = {isa = PBXBuildFile; productRef = 9F0307C92A1B0D1100E02BB6 /* ProgressFeature */; };
		9F0307CD2A1B0D5700E02BB6 /* AntennaPopover in Frameworks */ = {isa = PBXBuildFile; productRef = 9F0307CC2A1B0D5700E02BB6 /* AntennaPopover */; };
		9F0307CF2A1B0D5700E02BB6 /* BandPopover in Frameworks */ = {isa = PBXBuildFile; productRef = 9F0307CE2A1B0D5700E02BB6 /* BandPopover */; };
		9F0307D12A1B0D5700E02BB6 /* DaxPopover in Frameworks */ = {isa = PBXBuildFile; productRef = 9F0307D02A1B0D5700E02BB6 /* DaxPopover */; };
		9F0307D32A1B0D5700E02BB6 /* DisplayPopover in Frameworks */ = {isa = PBXBuildFile; productRef = 9F0307D22A1B0D5700E02BB6 /* DisplayPopover */; };
		9F0307D52A1B0D5700E02BB6 /* Panadapter in Frameworks */ = {isa = PBXBuildFile; productRef = 9F0307D42A1B0D5700E02BB6 /* Panadapter */; };
		9F0307D72A1B0D5700E02BB6 /* Panafall in Frameworks */ = {isa = PBXBuildFile; productRef = 9F0307D62A1B0D5700E02BB6 /* Panafall */; };
		9F0307D92A1B0D5700E02BB6 /* Waterfall in Frameworks */ = {isa = PBXBuildFile; productRef = 9F0307D82A1B0D5700E02BB6 /* Waterfall */; };
		9F0307DC2A1B0D9D00E02BB6 /* OpusEncoder in Frameworks */ = {isa = PBXBuildFile; productRef = 9F0307DB2A1B0D9D00E02BB6 /* OpusEncoder */; };
		9F0307DE2A1B0D9D00E02BB6 /* OpusPlayer in Frameworks */ = {isa = PBXBuildFile; productRef = 9F0307DD2A1B0D9D00E02BB6 /* OpusPlayer */; };
		9F0307E02A1B0D9D00E02BB6 /* RingBuffer in Frameworks */ = {isa = PBXBuildFile; productRef = 9F0307DF2A1B0D9D00E02BB6 /* RingBuffer */; };
		9F0307E22A1B0D9D00E02BB6 /* SecureStorage in Frameworks */ = {isa = PBXBuildFile; productRef = 9F0307E12A1B0D9D00E02BB6 /* SecureStorage */; };
		9F0307E42A1B0D9D00E02BB6 /* XCGWrapper in Frameworks */ = {isa = PBXBuildFile; productRef = 9F0307E32A1B0D9D00E02BB6 /* XCGWrapper */; };
		9FC4B0D52A24489400874935 /* Panafalls in Frameworks */ = {isa = PBXBuildFile; productRef = 9FC4B0D42A24489400874935 /* Panafalls */; };
		9FC4B0D72A2522B700874935 /* MessagesView in Frameworks */ = {isa = PBXBuildFile; productRef = 9FC4B0D62A2522B700874935 /* MessagesView */; };
		9FC4B0D92A253CBC00874935 /* ObjectsView in Frameworks */ = {isa = PBXBuildFile; productRef = 9FC4B0D82A253CBC00874935 /* ObjectsView */; };
		9FC82DC32A1B18980081BC53 /* CwControls in Frameworks */ = {isa = PBXBuildFile; productRef = 9FC82DC22A1B18980081BC53 /* CwControls */; };
		9FC82DC52A1B18980081BC53 /* EqControls in Frameworks */ = {isa = PBXBuildFile; productRef = 9FC82DC42A1B18980081BC53 /* EqControls */; };
		9FC82DC72A1B18980081BC53 /* FlagControls in Frameworks */ = {isa = PBXBuildFile; productRef = 9FC82DC62A1B18980081BC53 /* FlagControls */; };
		9FC82DC92A1B18980081BC53 /* Ph1Controls in Frameworks */ = {isa = PBXBuildFile; productRef = 9FC82DC82A1B18980081BC53 /* Ph1Controls */; };
		9FC82DCB2A1B18980081BC53 /* Ph2Controls in Frameworks */ = {isa = PBXBuildFile; productRef = 9FC82DCA2A1B18980081BC53 /* Ph2Controls */; };
		9FC82DCD2A1B18980081BC53 /* SidePanel in Frameworks */ = {isa = PBXBuildFile; productRef = 9FC82DCC2A1B18980081BC53 /* SidePanel */; };
		9FC82DCF2A1B18980081BC53 /* TxControls in Frameworks */ = {isa = PBXBuildFile; productRef = 9FC82DCE2A1B18980081BC53 /* TxControls */; };
		9FC82DD12A1B18EC0081BC53 /* ColorSettings in Frameworks */ = {isa = PBXBuildFile; productRef = 9FC82DD02A1B18EC0081BC53 /* ColorSettings */; };
		9FC82DD32A1B18EC0081BC53 /* GpsSettings in Frameworks */ = {isa = PBXBuildFile; productRef = 9FC82DD22A1B18EC0081BC53 /* GpsSettings */; };
		9FC82DD52A1B18EC0081BC53 /* NetworkSettings in Frameworks */ = {isa = PBXBuildFile; productRef = 9FC82DD42A1B18EC0081BC53 /* NetworkSettings */; };
		9FC82DD72A1B18EC0081BC53 /* OtherSettings in Frameworks */ = {isa = PBXBuildFile; productRef = 9FC82DD62A1B18EC0081BC53 /* OtherSettings */; };
		9FC82DD92A1B18EC0081BC53 /* PhoneCwSettings in Frameworks */ = {isa = PBXBuildFile; productRef = 9FC82DD82A1B18EC0081BC53 /* PhoneCwSettings */; };
		9FC82DDB2A1B18EC0081BC53 /* ProfileSettings in Frameworks */ = {isa = PBXBuildFile; productRef = 9FC82DDA2A1B18EC0081BC53 /* ProfileSettings */; };
		9FC82DDD2A1B18EC0081BC53 /* RadioSettings in Frameworks */ = {isa = PBXBuildFile; productRef = 9FC82DDC2A1B18EC0081BC53 /* RadioSettings */; };
		9FC82DDF2A1B18EC0081BC53 /* SettingsPanel in Frameworks */ = {isa = PBXBuildFile; productRef = 9FC82DDE2A1B18EC0081BC53 /* SettingsPanel */; };
		9FC82DE12A1B18EC0081BC53 /* TxSettings in Frameworks */ = {isa = PBXBuildFile; productRef = 9FC82DE02A1B18EC0081BC53 /* TxSettings */; };
		9FC82DE32A1B18EC0081BC53 /* XvtrSettings in Frameworks */ = {isa = PBXBuildFile; productRef = 9FC82DE22A1B18EC0081BC53 /* XvtrSettings */; };
		9FC82DE52A1B1B030081BC53 /* ClientDialog in Frameworks */ = {isa = PBXBuildFile; productRef = 9FC82DE42A1B1B030081BC53 /* ClientDialog */; };
		9FE8947329358DD700C12DE2 /* Api6000App.swift in Sources */ = {isa = PBXBuildFile; fileRef = 9FE8947229358DD700C12DE2 /* Api6000App.swift */; };
		9FE8947729358DD800C12DE2 /* Assets.xcassets in Resources */ = {isa = PBXBuildFile; fileRef = 9FE8947629358DD800C12DE2 /* Assets.xcassets */; };
		9FE8947A29358DD800C12DE2 /* Preview Assets.xcassets in Resources */ = {isa = PBXBuildFile; fileRef = 9FE8947929358DD800C12DE2 /* Preview Assets.xcassets */; };
		9FE8948B2935918A00C12DE2 /* ApiView.swift in Sources */ = {isa = PBXBuildFile; fileRef = 9FE894872935918A00C12DE2 /* ApiView.swift */; };
		9FE8948C2935918A00C12DE2 /* ApiCore.swift in Sources */ = {isa = PBXBuildFile; fileRef = 9FE894882935918A00C12DE2 /* ApiCore.swift */; };
/* End PBXBuildFile section */

/* Begin PBXFileReference section */
		9F0480E829464365004D3837 /* README.md */ = {isa = PBXFileReference; lastKnownFileType = net.daringfireball.markdown; path = README.md; sourceTree = "<group>"; };
		9FC4B0CE2A1E970600874935 /* ApiFeatures */ = {isa = PBXFileReference; lastKnownFileType = wrapper; name = ApiFeatures; path = ../Packages/ApiFeatures; sourceTree = "<group>"; };
		9FC4B0D02A1F00C100874935 /* SideControlFeatures */ = {isa = PBXFileReference; lastKnownFileType = wrapper; name = SideControlFeatures; path = ../Packages/SideControlFeatures; sourceTree = "<group>"; };
		9FC4B0D12A1F015E00874935 /* ViewFeatures */ = {isa = PBXFileReference; lastKnownFileType = wrapper; name = ViewFeatures; path = ../Packages/ViewFeatures; sourceTree = "<group>"; };
		9FC4B0D22A1F01BB00874935 /* SettingsFeatures */ = {isa = PBXFileReference; lastKnownFileType = wrapper; name = SettingsFeatures; path = ../Packages/SettingsFeatures; sourceTree = "<group>"; };
		9FC4B0D32A20D3D000874935 /* PanafallFeatures */ = {isa = PBXFileReference; lastKnownFileType = wrapper; name = PanafallFeatures; path = ../Packages/PanafallFeatures; sourceTree = "<group>"; };
		9FE8946F29358DD700C12DE2 /* Api6000.app */ = {isa = PBXFileReference; explicitFileType = wrapper.application; includeInIndex = 0; path = Api6000.app; sourceTree = BUILT_PRODUCTS_DIR; };
		9FE8947229358DD700C12DE2 /* Api6000App.swift */ = {isa = PBXFileReference; lastKnownFileType = sourcecode.swift; path = Api6000App.swift; sourceTree = "<group>"; };
		9FE8947629358DD800C12DE2 /* Assets.xcassets */ = {isa = PBXFileReference; lastKnownFileType = folder.assetcatalog; path = Assets.xcassets; sourceTree = "<group>"; };
		9FE8947929358DD800C12DE2 /* Preview Assets.xcassets */ = {isa = PBXFileReference; lastKnownFileType = folder.assetcatalog; path = "Preview Assets.xcassets"; sourceTree = "<group>"; };
		9FE8947B29358DD800C12DE2 /* Api6000.entitlements */ = {isa = PBXFileReference; lastKnownFileType = text.plist.entitlements; path = Api6000.entitlements; sourceTree = "<group>"; };
		9FE894872935918A00C12DE2 /* ApiView.swift */ = {isa = PBXFileReference; fileEncoding = 4; lastKnownFileType = sourcecode.swift; path = ApiView.swift; sourceTree = "<group>"; };
		9FE894882935918A00C12DE2 /* ApiCore.swift */ = {isa = PBXFileReference; fileEncoding = 4; lastKnownFileType = sourcecode.swift; path = ApiCore.swift; sourceTree = "<group>"; };
/* End PBXFileReference section */

/* Begin PBXFrameworksBuildPhase section */
		9FE8946C29358DD700C12DE2 /* Frameworks */ = {
			isa = PBXFrameworksBuildPhase;
			buildActionMask = 2147483647;
			files = (
				9FC4B0D92A253CBC00874935 /* ObjectsView in Frameworks */,
				9F0307CA2A1B0D1100E02BB6 /* ProgressFeature in Frameworks */,
				9FC82DDB2A1B18EC0081BC53 /* ProfileSettings in Frameworks */,
				9FC82DD12A1B18EC0081BC53 /* ColorSettings in Frameworks */,
				9F0307C12A1B0CCE00E02BB6 /* Vita in Frameworks */,
				9F0307DC2A1B0D9D00E02BB6 /* OpusEncoder in Frameworks */,
				9FC82DE52A1B1B030081BC53 /* ClientDialog in Frameworks */,
				9FC4B0D72A2522B700874935 /* MessagesView in Frameworks */,
				9F0307CD2A1B0D5700E02BB6 /* AntennaPopover in Frameworks */,
				9F0307BD2A1B0CCE00E02BB6 /* Tcp in Frameworks */,
				9F0307B52A1B0CCE00E02BB6 /* FlexApi in Frameworks */,
				9F0307D92A1B0D5700E02BB6 /* Waterfall in Frameworks */,
				9FC82DDD2A1B18EC0081BC53 /* RadioSettings in Frameworks */,
				9F0307AF2A1B0C9B00E02BB6 /* LoginDialog in Frameworks */,
				9F0307DE2A1B0D9D00E02BB6 /* OpusPlayer in Frameworks */,
				9FC82DCB2A1B18980081BC53 /* Ph2Controls in Frameworks */,
				9FC82DC52A1B18980081BC53 /* EqControls in Frameworks */,
				9FC82DCF2A1B18980081BC53 /* TxControls in Frameworks */,
				9FC82DD32A1B18EC0081BC53 /* GpsSettings in Frameworks */,
				9FC4B0D52A24489400874935 /* Panafalls in Frameworks */,
				9FC82DCD2A1B18980081BC53 /* SidePanel in Frameworks */,
				9F0307AD2A1B0C9B00E02BB6 /* LogView in Frameworks */,
				9F0307B32A1B0C9B00E02BB6 /* RadioPicker in Frameworks */,
				9F0307E22A1B0D9D00E02BB6 /* SecureStorage in Frameworks */,
				9F0307E42A1B0D9D00E02BB6 /* XCGWrapper in Frameworks */,
				9FC82DD92A1B18EC0081BC53 /* PhoneCwSettings in Frameworks */,
				9FC82DE12A1B18EC0081BC53 /* TxSettings in Frameworks */,
				9FC82DD72A1B18EC0081BC53 /* OtherSettings in Frameworks */,
				9F0307BB2A1B0CCE00E02BB6 /* Shared in Frameworks */,
				9F0307B72A1B0CCE00E02BB6 /* FlexErrors in Frameworks */,
				9F0307CF2A1B0D5700E02BB6 /* BandPopover in Frameworks */,
				9FC82DC32A1B18980081BC53 /* CwControls in Frameworks */,
				9F0307C82A1B0D1100E02BB6 /* LevelIndicatorView in Frameworks */,
				9F0307BF2A1B0CCE00E02BB6 /* Udp in Frameworks */,
				9FC82DD52A1B18EC0081BC53 /* NetworkSettings in Frameworks */,
				9F0307B92A1B0CCE00E02BB6 /* Listener in Frameworks */,
				9F0307D52A1B0D5700E02BB6 /* Panadapter in Frameworks */,
				9FC82DC92A1B18980081BC53 /* Ph1Controls in Frameworks */,
				9F0307D12A1B0D5700E02BB6 /* DaxPopover in Frameworks */,
				9F0307D72A1B0D5700E02BB6 /* Panafall in Frameworks */,
				9FC82DDF2A1B18EC0081BC53 /* SettingsPanel in Frameworks */,
				9F0307C62A1B0D1100E02BB6 /* ApiStringView in Frameworks */,
				9F0307E02A1B0D9D00E02BB6 /* RingBuffer in Frameworks */,
				9F0307C42A1B0D1100E02BB6 /* ApiIntView in Frameworks */,
				9FC82DC72A1B18980081BC53 /* FlagControls in Frameworks */,
				9F0307B12A1B0C9B00E02BB6 /* MonitorControl in Frameworks */,
				9FC82DE32A1B18EC0081BC53 /* XvtrSettings in Frameworks */,
				9F0307D32A1B0D5700E02BB6 /* DisplayPopover in Frameworks */,
			);
			runOnlyForDeploymentPostprocessing = 0;
		};
/* End PBXFrameworksBuildPhase section */

/* Begin PBXGroup section */
		9F0A8425293A77A900EE9D5D /* Frameworks */ = {
			isa = PBXGroup;
			children = (
			);
			name = Frameworks;
			sourceTree = "<group>";
		};
		9FE8946629358DD700C12DE2 = {
			isa = PBXGroup;
			children = (
				9FC4B0D32A20D3D000874935 /* PanafallFeatures */,
				9FC4B0D22A1F01BB00874935 /* SettingsFeatures */,
				9FC4B0D12A1F015E00874935 /* ViewFeatures */,
				9FC4B0D02A1F00C100874935 /* SideControlFeatures */,
				9FC4B0CE2A1E970600874935 /* ApiFeatures */,
				9F0480E829464365004D3837 /* README.md */,
				9FE8947129358DD700C12DE2 /* Api6000 */,
				9FE8947029358DD700C12DE2 /* Products */,
				9F0A8425293A77A900EE9D5D /* Frameworks */,
			);
			sourceTree = "<group>";
		};
		9FE8947029358DD700C12DE2 /* Products */ = {
			isa = PBXGroup;
			children = (
				9FE8946F29358DD700C12DE2 /* Api6000.app */,
			);
			name = Products;
			sourceTree = "<group>";
		};
		9FE8947129358DD700C12DE2 /* Api6000 */ = {
			isa = PBXGroup;
			children = (
				9FE8947B29358DD800C12DE2 /* Api6000.entitlements */,
				9FE8947229358DD700C12DE2 /* Api6000App.swift */,
				9FE894882935918A00C12DE2 /* ApiCore.swift */,
				9FE894872935918A00C12DE2 /* ApiView.swift */,
				9FE8947629358DD800C12DE2 /* Assets.xcassets */,
				9FE8947829358DD800C12DE2 /* Preview Content */,
			);
			path = Api6000;
			sourceTree = "<group>";
		};
		9FE8947829358DD800C12DE2 /* Preview Content */ = {
			isa = PBXGroup;
			children = (
				9FE8947929358DD800C12DE2 /* Preview Assets.xcassets */,
			);
			path = "Preview Content";
			sourceTree = "<group>";
		};
/* End PBXGroup section */

/* Begin PBXNativeTarget section */
		9FE8946E29358DD700C12DE2 /* Api6000 */ = {
			isa = PBXNativeTarget;
			buildConfigurationList = 9FE8947E29358DD800C12DE2 /* Build configuration list for PBXNativeTarget "Api6000" */;
			buildPhases = (
				9FE8946B29358DD700C12DE2 /* Sources */,
				9FE8946C29358DD700C12DE2 /* Frameworks */,
				9FE8946D29358DD700C12DE2 /* Resources */,
			);
			buildRules = (
			);
			dependencies = (
			);
			name = Api6000;
			packageProductDependencies = (
				9F0307AC2A1B0C9B00E02BB6 /* LogView */,
				9F0307AE2A1B0C9B00E02BB6 /* LoginDialog */,
				9F0307B02A1B0C9B00E02BB6 /* MonitorControl */,
				9F0307B22A1B0C9B00E02BB6 /* RadioPicker */,
				9F0307B42A1B0CCE00E02BB6 /* FlexApi */,
				9F0307B62A1B0CCE00E02BB6 /* FlexErrors */,
				9F0307B82A1B0CCE00E02BB6 /* Listener */,
				9F0307BA2A1B0CCE00E02BB6 /* Shared */,
				9F0307BC2A1B0CCE00E02BB6 /* Tcp */,
				9F0307BE2A1B0CCE00E02BB6 /* Udp */,
				9F0307C02A1B0CCE00E02BB6 /* Vita */,
				9F0307C32A1B0D1100E02BB6 /* ApiIntView */,
				9F0307C52A1B0D1100E02BB6 /* ApiStringView */,
				9F0307C72A1B0D1100E02BB6 /* LevelIndicatorView */,
				9F0307C92A1B0D1100E02BB6 /* ProgressFeature */,
				9F0307CC2A1B0D5700E02BB6 /* AntennaPopover */,
				9F0307CE2A1B0D5700E02BB6 /* BandPopover */,
				9F0307D02A1B0D5700E02BB6 /* DaxPopover */,
				9F0307D22A1B0D5700E02BB6 /* DisplayPopover */,
				9F0307D42A1B0D5700E02BB6 /* Panadapter */,
				9F0307D62A1B0D5700E02BB6 /* Panafall */,
				9F0307D82A1B0D5700E02BB6 /* Waterfall */,
				9F0307DB2A1B0D9D00E02BB6 /* OpusEncoder */,
				9F0307DD2A1B0D9D00E02BB6 /* OpusPlayer */,
				9F0307DF2A1B0D9D00E02BB6 /* RingBuffer */,
				9F0307E12A1B0D9D00E02BB6 /* SecureStorage */,
				9F0307E32A1B0D9D00E02BB6 /* XCGWrapper */,
				9FC82DC22A1B18980081BC53 /* CwControls */,
				9FC82DC42A1B18980081BC53 /* EqControls */,
				9FC82DC62A1B18980081BC53 /* FlagControls */,
				9FC82DC82A1B18980081BC53 /* Ph1Controls */,
				9FC82DCA2A1B18980081BC53 /* Ph2Controls */,
				9FC82DCC2A1B18980081BC53 /* SidePanel */,
				9FC82DCE2A1B18980081BC53 /* TxControls */,
				9FC82DD02A1B18EC0081BC53 /* ColorSettings */,
				9FC82DD22A1B18EC0081BC53 /* GpsSettings */,
				9FC82DD42A1B18EC0081BC53 /* NetworkSettings */,
				9FC82DD62A1B18EC0081BC53 /* OtherSettings */,
				9FC82DD82A1B18EC0081BC53 /* PhoneCwSettings */,
				9FC82DDA2A1B18EC0081BC53 /* ProfileSettings */,
				9FC82DDC2A1B18EC0081BC53 /* RadioSettings */,
				9FC82DDE2A1B18EC0081BC53 /* SettingsPanel */,
				9FC82DE02A1B18EC0081BC53 /* TxSettings */,
				9FC82DE22A1B18EC0081BC53 /* XvtrSettings */,
				9FC82DE42A1B1B030081BC53 /* ClientDialog */,
				9FC4B0D42A24489400874935 /* Panafalls */,
				9FC4B0D62A2522B700874935 /* MessagesView */,
				9FC4B0D82A253CBC00874935 /* ObjectsView */,
			);
			productName = Api6000;
			productReference = 9FE8946F29358DD700C12DE2 /* Api6000.app */;
			productType = "com.apple.product-type.application";
		};
/* End PBXNativeTarget section */

/* Begin PBXProject section */
		9FE8946729358DD700C12DE2 /* Project object */ = {
			isa = PBXProject;
			attributes = {
				BuildIndependentTargetsInParallel = 1;
				LastSwiftUpdateCheck = 1410;
				LastUpgradeCheck = 1420;
				TargetAttributes = {
					9FE8946E29358DD700C12DE2 = {
						CreatedOnToolsVersion = 14.1;
					};
				};
			};
			buildConfigurationList = 9FE8946A29358DD700C12DE2 /* Build configuration list for PBXProject "Api6000" */;
			compatibilityVersion = "Xcode 14.0";
			developmentRegion = en;
			hasScannedForEncodings = 0;
			knownRegions = (
				en,
				Base,
			);
			mainGroup = 9FE8946629358DD700C12DE2;
			packageReferences = (
				9FE8948129358F7900C12DE2 /* XCRemoteSwiftPackageReference "swift-composable-architecture" */,
				9F7775912A1A7FA30001F831 /* XCRemoteSwiftPackageReference "ApiFeatures" */,
				9F0307A92A1B0C9B00E02BB6 /* XCRemoteSwiftPackageReference "ViewFeatures" */,
				9F0307C22A1B0D1100E02BB6 /* XCRemoteSwiftPackageReference "CustomControlFeatures" */,
				9F0307CB2A1B0D5700E02BB6 /* XCRemoteSwiftPackageReference "PanafallFeatures" */,
				9F0307DA2A1B0D9D00E02BB6 /* XCRemoteSwiftPackageReference "UtilityFeatures" */,
				9FC82DAC2A1B14D30081BC53 /* XCRemoteSwiftPackageReference "SettingsFeatures" */,
				9FC82DC12A1B18980081BC53 /* XCRemoteSwiftPackageReference "SideControlFeatures" */,
			);
			productRefGroup = 9FE8947029358DD700C12DE2 /* Products */;
			projectDirPath = "";
			projectRoot = "";
			targets = (
				9FE8946E29358DD700C12DE2 /* Api6000 */,
			);
		};
/* End PBXProject section */

/* Begin PBXResourcesBuildPhase section */
		9FE8946D29358DD700C12DE2 /* Resources */ = {
			isa = PBXResourcesBuildPhase;
			buildActionMask = 2147483647;
			files = (
				9FE8947A29358DD800C12DE2 /* Preview Assets.xcassets in Resources */,
				9FE8947729358DD800C12DE2 /* Assets.xcassets in Resources */,
			);
			runOnlyForDeploymentPostprocessing = 0;
		};
/* End PBXResourcesBuildPhase section */

/* Begin PBXSourcesBuildPhase section */
		9FE8946B29358DD700C12DE2 /* Sources */ = {
			isa = PBXSourcesBuildPhase;
			buildActionMask = 2147483647;
			files = (
				9FE8947329358DD700C12DE2 /* Api6000App.swift in Sources */,
				9FE8948B2935918A00C12DE2 /* ApiView.swift in Sources */,
				9FE8948C2935918A00C12DE2 /* ApiCore.swift in Sources */,
			);
			runOnlyForDeploymentPostprocessing = 0;
		};
/* End PBXSourcesBuildPhase section */

/* Begin XCBuildConfiguration section */
		9FE8947C29358DD800C12DE2 /* Debug */ = {
			isa = XCBuildConfiguration;
			buildSettings = {
				ALWAYS_SEARCH_USER_PATHS = NO;
				CLANG_ANALYZER_NONNULL = YES;
				CLANG_ANALYZER_NUMBER_OBJECT_CONVERSION = YES_AGGRESSIVE;
				CLANG_CXX_LANGUAGE_STANDARD = "gnu++20";
				CLANG_ENABLE_MODULES = YES;
				CLANG_ENABLE_OBJC_ARC = YES;
				CLANG_ENABLE_OBJC_WEAK = YES;
				CLANG_WARN_BLOCK_CAPTURE_AUTORELEASING = YES;
				CLANG_WARN_BOOL_CONVERSION = YES;
				CLANG_WARN_COMMA = YES;
				CLANG_WARN_CONSTANT_CONVERSION = YES;
				CLANG_WARN_DEPRECATED_OBJC_IMPLEMENTATIONS = YES;
				CLANG_WARN_DIRECT_OBJC_ISA_USAGE = YES_ERROR;
				CLANG_WARN_DOCUMENTATION_COMMENTS = YES;
				CLANG_WARN_EMPTY_BODY = YES;
				CLANG_WARN_ENUM_CONVERSION = YES;
				CLANG_WARN_INFINITE_RECURSION = YES;
				CLANG_WARN_INT_CONVERSION = YES;
				CLANG_WARN_NON_LITERAL_NULL_CONVERSION = YES;
				CLANG_WARN_OBJC_IMPLICIT_RETAIN_SELF = YES;
				CLANG_WARN_OBJC_LITERAL_CONVERSION = YES;
				CLANG_WARN_OBJC_ROOT_CLASS = YES_ERROR;
				CLANG_WARN_QUOTED_INCLUDE_IN_FRAMEWORK_HEADER = YES;
				CLANG_WARN_RANGE_LOOP_ANALYSIS = YES;
				CLANG_WARN_STRICT_PROTOTYPES = YES;
				CLANG_WARN_SUSPICIOUS_MOVE = YES;
				CLANG_WARN_UNGUARDED_AVAILABILITY = YES_AGGRESSIVE;
				CLANG_WARN_UNREACHABLE_CODE = YES;
				CLANG_WARN__DUPLICATE_METHOD_MATCH = YES;
				COPY_PHASE_STRIP = NO;
				DEAD_CODE_STRIPPING = YES;
				DEBUG_INFORMATION_FORMAT = dwarf;
				ENABLE_STRICT_OBJC_MSGSEND = YES;
				ENABLE_TESTABILITY = YES;
				GCC_C_LANGUAGE_STANDARD = gnu11;
				GCC_DYNAMIC_NO_PIC = NO;
				GCC_NO_COMMON_BLOCKS = YES;
				GCC_OPTIMIZATION_LEVEL = 0;
				GCC_PREPROCESSOR_DEFINITIONS = (
					"DEBUG=1",
					"$(inherited)",
				);
				GCC_WARN_64_TO_32_BIT_CONVERSION = YES;
				GCC_WARN_ABOUT_RETURN_TYPE = YES_ERROR;
				GCC_WARN_UNDECLARED_SELECTOR = YES;
				GCC_WARN_UNINITIALIZED_AUTOS = YES_AGGRESSIVE;
				GCC_WARN_UNUSED_FUNCTION = YES;
				GCC_WARN_UNUSED_VARIABLE = YES;
				MACOSX_DEPLOYMENT_TARGET = 13.0;
				MTL_ENABLE_DEBUG_INFO = INCLUDE_SOURCE;
				MTL_FAST_MATH = YES;
				ONLY_ACTIVE_ARCH = YES;
				SDKROOT = macosx;
				SWIFT_ACTIVE_COMPILATION_CONDITIONS = DEBUG;
				SWIFT_OPTIMIZATION_LEVEL = "-Onone";
			};
			name = Debug;
		};
		9FE8947D29358DD800C12DE2 /* Release */ = {
			isa = XCBuildConfiguration;
			buildSettings = {
				ALWAYS_SEARCH_USER_PATHS = NO;
				CLANG_ANALYZER_NONNULL = YES;
				CLANG_ANALYZER_NUMBER_OBJECT_CONVERSION = YES_AGGRESSIVE;
				CLANG_CXX_LANGUAGE_STANDARD = "gnu++20";
				CLANG_ENABLE_MODULES = YES;
				CLANG_ENABLE_OBJC_ARC = YES;
				CLANG_ENABLE_OBJC_WEAK = YES;
				CLANG_WARN_BLOCK_CAPTURE_AUTORELEASING = YES;
				CLANG_WARN_BOOL_CONVERSION = YES;
				CLANG_WARN_COMMA = YES;
				CLANG_WARN_CONSTANT_CONVERSION = YES;
				CLANG_WARN_DEPRECATED_OBJC_IMPLEMENTATIONS = YES;
				CLANG_WARN_DIRECT_OBJC_ISA_USAGE = YES_ERROR;
				CLANG_WARN_DOCUMENTATION_COMMENTS = YES;
				CLANG_WARN_EMPTY_BODY = YES;
				CLANG_WARN_ENUM_CONVERSION = YES;
				CLANG_WARN_INFINITE_RECURSION = YES;
				CLANG_WARN_INT_CONVERSION = YES;
				CLANG_WARN_NON_LITERAL_NULL_CONVERSION = YES;
				CLANG_WARN_OBJC_IMPLICIT_RETAIN_SELF = YES;
				CLANG_WARN_OBJC_LITERAL_CONVERSION = YES;
				CLANG_WARN_OBJC_ROOT_CLASS = YES_ERROR;
				CLANG_WARN_QUOTED_INCLUDE_IN_FRAMEWORK_HEADER = YES;
				CLANG_WARN_RANGE_LOOP_ANALYSIS = YES;
				CLANG_WARN_STRICT_PROTOTYPES = YES;
				CLANG_WARN_SUSPICIOUS_MOVE = YES;
				CLANG_WARN_UNGUARDED_AVAILABILITY = YES_AGGRESSIVE;
				CLANG_WARN_UNREACHABLE_CODE = YES;
				CLANG_WARN__DUPLICATE_METHOD_MATCH = YES;
				COPY_PHASE_STRIP = NO;
				DEAD_CODE_STRIPPING = YES;
				DEBUG_INFORMATION_FORMAT = "dwarf-with-dsym";
				ENABLE_NS_ASSERTIONS = NO;
				ENABLE_STRICT_OBJC_MSGSEND = YES;
				GCC_C_LANGUAGE_STANDARD = gnu11;
				GCC_NO_COMMON_BLOCKS = YES;
				GCC_WARN_64_TO_32_BIT_CONVERSION = YES;
				GCC_WARN_ABOUT_RETURN_TYPE = YES_ERROR;
				GCC_WARN_UNDECLARED_SELECTOR = YES;
				GCC_WARN_UNINITIALIZED_AUTOS = YES_AGGRESSIVE;
				GCC_WARN_UNUSED_FUNCTION = YES;
				GCC_WARN_UNUSED_VARIABLE = YES;
				MACOSX_DEPLOYMENT_TARGET = 13.0;
				MTL_ENABLE_DEBUG_INFO = NO;
				MTL_FAST_MATH = YES;
				SDKROOT = macosx;
				SWIFT_COMPILATION_MODE = wholemodule;
				SWIFT_OPTIMIZATION_LEVEL = "-O";
			};
			name = Release;
		};
		9FE8947F29358DD800C12DE2 /* Debug */ = {
			isa = XCBuildConfiguration;
			buildSettings = {
				ASSETCATALOG_COMPILER_APPICON_NAME = AppIcon;
				ASSETCATALOG_COMPILER_GLOBAL_ACCENT_COLOR_NAME = AccentColor;
				CODE_SIGN_ENTITLEMENTS = Api6000/Api6000.entitlements;
				CODE_SIGN_IDENTITY = "-";
				CODE_SIGN_STYLE = Automatic;
				COMBINE_HIDPI_IMAGES = YES;
				CURRENT_PROJECT_VERSION = 1;
				DEAD_CODE_STRIPPING = YES;
				DEVELOPMENT_ASSET_PATHS = "\"Api6000/Preview Content\"";
				DEVELOPMENT_TEAM = EE5B8TYXGA;
				ENABLE_HARDENED_RUNTIME = YES;
				ENABLE_PREVIEWS = YES;
				GENERATE_INFOPLIST_FILE = YES;
				HEADER_SEARCH_PATHS = "";
				INFOPLIST_KEY_NSHumanReadableCopyright = "";
				LD_RUNPATH_SEARCH_PATHS = (
					"$(inherited)",
					"@executable_path/../Frameworks",
				);
				MARKETING_VERSION = 5.4;
				PRODUCT_BUNDLE_IDENTIFIER = net.k3tzr.Api6000;
				PRODUCT_NAME = "$(TARGET_NAME)";
				SWIFT_EMIT_LOC_STRINGS = YES;
				SWIFT_OBJC_BRIDGING_HEADER = "";
				SWIFT_VERSION = 5.0;
			};
			name = Debug;
		};
		9FE8948029358DD800C12DE2 /* Release */ = {
			isa = XCBuildConfiguration;
			buildSettings = {
				ASSETCATALOG_COMPILER_APPICON_NAME = AppIcon;
				ASSETCATALOG_COMPILER_GLOBAL_ACCENT_COLOR_NAME = AccentColor;
				CODE_SIGN_ENTITLEMENTS = Api6000/Api6000.entitlements;
				CODE_SIGN_IDENTITY = "-";
				CODE_SIGN_STYLE = Automatic;
				COMBINE_HIDPI_IMAGES = YES;
				CURRENT_PROJECT_VERSION = 1;
				DEAD_CODE_STRIPPING = YES;
				DEVELOPMENT_ASSET_PATHS = "\"Api6000/Preview Content\"";
				DEVELOPMENT_TEAM = EE5B8TYXGA;
				ENABLE_HARDENED_RUNTIME = YES;
				ENABLE_PREVIEWS = YES;
				GENERATE_INFOPLIST_FILE = YES;
				HEADER_SEARCH_PATHS = "";
				INFOPLIST_KEY_NSHumanReadableCopyright = "";
				LD_RUNPATH_SEARCH_PATHS = (
					"$(inherited)",
					"@executable_path/../Frameworks",
				);
				MARKETING_VERSION = 5.4;
				PRODUCT_BUNDLE_IDENTIFIER = net.k3tzr.Api6000;
				PRODUCT_NAME = "$(TARGET_NAME)";
				SWIFT_EMIT_LOC_STRINGS = YES;
				SWIFT_OBJC_BRIDGING_HEADER = "";
				SWIFT_VERSION = 5.0;
			};
			name = Release;
		};
/* End XCBuildConfiguration section */

/* Begin XCConfigurationList section */
		9FE8946A29358DD700C12DE2 /* Build configuration list for PBXProject "Api6000" */ = {
			isa = XCConfigurationList;
			buildConfigurations = (
				9FE8947C29358DD800C12DE2 /* Debug */,
				9FE8947D29358DD800C12DE2 /* Release */,
			);
			defaultConfigurationIsVisible = 0;
			defaultConfigurationName = Release;
		};
		9FE8947E29358DD800C12DE2 /* Build configuration list for PBXNativeTarget "Api6000" */ = {
			isa = XCConfigurationList;
			buildConfigurations = (
				9FE8947F29358DD800C12DE2 /* Debug */,
				9FE8948029358DD800C12DE2 /* Release */,
			);
			defaultConfigurationIsVisible = 0;
			defaultConfigurationName = Release;
		};
/* End XCConfigurationList section */

/* Begin XCRemoteSwiftPackageReference section */
		9F0307A92A1B0C9B00E02BB6 /* XCRemoteSwiftPackageReference "ViewFeatures" */ = {
			isa = XCRemoteSwiftPackageReference;
			repositoryURL = "https://github.com/K3TZR/ViewFeatures.git";
			requirement = {
				branch = main;
				kind = branch;
			};
		};
		9F0307C22A1B0D1100E02BB6 /* XCRemoteSwiftPackageReference "CustomControlFeatures" */ = {
			isa = XCRemoteSwiftPackageReference;
			repositoryURL = "https://github.com/K3TZR/CustomControlFeatures.git";
			requirement = {
				branch = main;
				kind = branch;
			};
		};
		9F0307CB2A1B0D5700E02BB6 /* XCRemoteSwiftPackageReference "PanafallFeatures" */ = {
			isa = XCRemoteSwiftPackageReference;
			repositoryURL = "https://github.com/K3TZR/PanafallFeatures.git";
			requirement = {
				branch = main;
				kind = branch;
			};
		};
		9F0307DA2A1B0D9D00E02BB6 /* XCRemoteSwiftPackageReference "UtilityFeatures" */ = {
			isa = XCRemoteSwiftPackageReference;
			repositoryURL = "https://github.com/K3TZR/UtilityFeatures.git";
			requirement = {
				branch = main;
				kind = branch;
			};
		};
		9F7775912A1A7FA30001F831 /* XCRemoteSwiftPackageReference "ApiFeatures" */ = {
			isa = XCRemoteSwiftPackageReference;
			repositoryURL = "https://github.com/K3TZR/ApiFeatures.git";
			requirement = {
				branch = main;
				kind = branch;
			};
		};
		9FC82DAC2A1B14D30081BC53 /* XCRemoteSwiftPackageReference "SettingsFeatures" */ = {
			isa = XCRemoteSwiftPackageReference;
			repositoryURL = "https://github.com/K3TZR/SettingsFeatures.git";
			requirement = {
				branch = main;
				kind = branch;
			};
		};
		9FC82DC12A1B18980081BC53 /* XCRemoteSwiftPackageReference "SideControlFeatures" */ = {
			isa = XCRemoteSwiftPackageReference;
			repositoryURL = "https://github.com/K3TZR/SideControlFeatures.git";
			requirement = {
				branch = main;
				kind = branch;
			};
		};
		9FE8948129358F7900C12DE2 /* XCRemoteSwiftPackageReference "swift-composable-architecture" */ = {
			isa = XCRemoteSwiftPackageReference;
			repositoryURL = "https://github.com/pointfreeco/swift-composable-architecture.git";
			requirement = {
				kind = exactVersion;
				version = 0.52.0;
			};
		};
/* End XCRemoteSwiftPackageReference section */

/* Begin XCSwiftPackageProductDependency section */
		9F0307AC2A1B0C9B00E02BB6 /* LogView */ = {
			isa = XCSwiftPackageProductDependency;
			package = 9F0307A92A1B0C9B00E02BB6 /* XCRemoteSwiftPackageReference "ViewFeatures" */;
			productName = LogView;
		};
		9F0307AE2A1B0C9B00E02BB6 /* LoginDialog */ = {
			isa = XCSwiftPackageProductDependency;
			package = 9F0307A92A1B0C9B00E02BB6 /* XCRemoteSwiftPackageReference "ViewFeatures" */;
			productName = LoginDialog;
		};
		9F0307B02A1B0C9B00E02BB6 /* MonitorControl */ = {
			isa = XCSwiftPackageProductDependency;
			package = 9F0307A92A1B0C9B00E02BB6 /* XCRemoteSwiftPackageReference "ViewFeatures" */;
			productName = MonitorControl;
		};
		9F0307B22A1B0C9B00E02BB6 /* RadioPicker */ = {
			isa = XCSwiftPackageProductDependency;
			package = 9F0307A92A1B0C9B00E02BB6 /* XCRemoteSwiftPackageReference "ViewFeatures" */;
			productName = RadioPicker;
		};
		9F0307B42A1B0CCE00E02BB6 /* FlexApi */ = {
			isa = XCSwiftPackageProductDependency;
			package = 9F7775912A1A7FA30001F831 /* XCRemoteSwiftPackageReference "ApiFeatures" */;
			productName = FlexApi;
		};
		9F0307B62A1B0CCE00E02BB6 /* FlexErrors */ = {
			isa = XCSwiftPackageProductDependency;
			package = 9F7775912A1A7FA30001F831 /* XCRemoteSwiftPackageReference "ApiFeatures" */;
			productName = FlexErrors;
		};
		9F0307B82A1B0CCE00E02BB6 /* Listener */ = {
			isa = XCSwiftPackageProductDependency;
			package = 9F7775912A1A7FA30001F831 /* XCRemoteSwiftPackageReference "ApiFeatures" */;
			productName = Listener;
		};
		9F0307BA2A1B0CCE00E02BB6 /* Shared */ = {
			isa = XCSwiftPackageProductDependency;
			package = 9F7775912A1A7FA30001F831 /* XCRemoteSwiftPackageReference "ApiFeatures" */;
			productName = Shared;
		};
		9F0307BC2A1B0CCE00E02BB6 /* Tcp */ = {
			isa = XCSwiftPackageProductDependency;
			package = 9F7775912A1A7FA30001F831 /* XCRemoteSwiftPackageReference "ApiFeatures" */;
			productName = Tcp;
		};
		9F0307BE2A1B0CCE00E02BB6 /* Udp */ = {
			isa = XCSwiftPackageProductDependency;
			package = 9F7775912A1A7FA30001F831 /* XCRemoteSwiftPackageReference "ApiFeatures" */;
			productName = Udp;
		};
		9F0307C02A1B0CCE00E02BB6 /* Vita */ = {
			isa = XCSwiftPackageProductDependency;
			package = 9F7775912A1A7FA30001F831 /* XCRemoteSwiftPackageReference "ApiFeatures" */;
			productName = Vita;
		};
		9F0307C32A1B0D1100E02BB6 /* ApiIntView */ = {
			isa = XCSwiftPackageProductDependency;
			package = 9F0307C22A1B0D1100E02BB6 /* XCRemoteSwiftPackageReference "CustomControlFeatures" */;
			productName = ApiIntView;
		};
		9F0307C52A1B0D1100E02BB6 /* ApiStringView */ = {
			isa = XCSwiftPackageProductDependency;
			package = 9F0307C22A1B0D1100E02BB6 /* XCRemoteSwiftPackageReference "CustomControlFeatures" */;
			productName = ApiStringView;
		};
		9F0307C72A1B0D1100E02BB6 /* LevelIndicatorView */ = {
			isa = XCSwiftPackageProductDependency;
			package = 9F0307C22A1B0D1100E02BB6 /* XCRemoteSwiftPackageReference "CustomControlFeatures" */;
			productName = LevelIndicatorView;
		};
		9F0307C92A1B0D1100E02BB6 /* ProgressFeature */ = {
			isa = XCSwiftPackageProductDependency;
			package = 9F0307C22A1B0D1100E02BB6 /* XCRemoteSwiftPackageReference "CustomControlFeatures" */;
			productName = ProgressFeature;
		};
		9F0307CC2A1B0D5700E02BB6 /* AntennaPopover */ = {
			isa = XCSwiftPackageProductDependency;
			package = 9F0307CB2A1B0D5700E02BB6 /* XCRemoteSwiftPackageReference "PanafallFeatures" */;
			productName = AntennaPopover;
		};
		9F0307CE2A1B0D5700E02BB6 /* BandPopover */ = {
			isa = XCSwiftPackageProductDependency;
			package = 9F0307CB2A1B0D5700E02BB6 /* XCRemoteSwiftPackageReference "PanafallFeatures" */;
			productName = BandPopover;
		};
		9F0307D02A1B0D5700E02BB6 /* DaxPopover */ = {
			isa = XCSwiftPackageProductDependency;
			package = 9F0307CB2A1B0D5700E02BB6 /* XCRemoteSwiftPackageReference "PanafallFeatures" */;
			productName = DaxPopover;
		};
		9F0307D22A1B0D5700E02BB6 /* DisplayPopover */ = {
			isa = XCSwiftPackageProductDependency;
			package = 9F0307CB2A1B0D5700E02BB6 /* XCRemoteSwiftPackageReference "PanafallFeatures" */;
			productName = DisplayPopover;
		};
		9F0307D42A1B0D5700E02BB6 /* Panadapter */ = {
			isa = XCSwiftPackageProductDependency;
			package = 9F0307CB2A1B0D5700E02BB6 /* XCRemoteSwiftPackageReference "PanafallFeatures" */;
			productName = Panadapter;
		};
		9F0307D62A1B0D5700E02BB6 /* Panafall */ = {
			isa = XCSwiftPackageProductDependency;
			package = 9F0307CB2A1B0D5700E02BB6 /* XCRemoteSwiftPackageReference "PanafallFeatures" */;
			productName = Panafall;
		};
		9F0307D82A1B0D5700E02BB6 /* Waterfall */ = {
			isa = XCSwiftPackageProductDependency;
			package = 9F0307CB2A1B0D5700E02BB6 /* XCRemoteSwiftPackageReference "PanafallFeatures" */;
			productName = Waterfall;
		};
		9F0307DB2A1B0D9D00E02BB6 /* OpusEncoder */ = {
			isa = XCSwiftPackageProductDependency;
			package = 9F0307DA2A1B0D9D00E02BB6 /* XCRemoteSwiftPackageReference "UtilityFeatures" */;
			productName = OpusEncoder;
		};
		9F0307DD2A1B0D9D00E02BB6 /* OpusPlayer */ = {
			isa = XCSwiftPackageProductDependency;
			package = 9F0307DA2A1B0D9D00E02BB6 /* XCRemoteSwiftPackageReference "UtilityFeatures" */;
			productName = OpusPlayer;
		};
		9F0307DF2A1B0D9D00E02BB6 /* RingBuffer */ = {
			isa = XCSwiftPackageProductDependency;
			package = 9F0307DA2A1B0D9D00E02BB6 /* XCRemoteSwiftPackageReference "UtilityFeatures" */;
			productName = RingBuffer;
		};
		9F0307E12A1B0D9D00E02BB6 /* SecureStorage */ = {
			isa = XCSwiftPackageProductDependency;
			package = 9F0307DA2A1B0D9D00E02BB6 /* XCRemoteSwiftPackageReference "UtilityFeatures" */;
			productName = SecureStorage;
		};
		9F0307E32A1B0D9D00E02BB6 /* XCGWrapper */ = {
			isa = XCSwiftPackageProductDependency;
			package = 9F0307DA2A1B0D9D00E02BB6 /* XCRemoteSwiftPackageReference "UtilityFeatures" */;
			productName = XCGWrapper;
		};
		9FC4B0D42A24489400874935 /* Panafalls */ = {
			isa = XCSwiftPackageProductDependency;
			productName = Panafalls;
		};
		9FC4B0D62A2522B700874935 /* MessagesView */ = {
			isa = XCSwiftPackageProductDependency;
			productName = MessagesView;
		};
		9FC4B0D82A253CBC00874935 /* ObjectsView */ = {
			isa = XCSwiftPackageProductDependency;
			productName = ObjectsView;
		};
		9FC82DC22A1B18980081BC53 /* CwControls */ = {
			isa = XCSwiftPackageProductDependency;
			package = 9FC82DC12A1B18980081BC53 /* XCRemoteSwiftPackageReference "SideControlFeatures" */;
			productName = CwControls;
		};
		9FC82DC42A1B18980081BC53 /* EqControls */ = {
			isa = XCSwiftPackageProductDependency;
			package = 9FC82DC12A1B18980081BC53 /* XCRemoteSwiftPackageReference "SideControlFeatures" */;
			productName = EqControls;
		};
		9FC82DC62A1B18980081BC53 /* FlagControls */ = {
			isa = XCSwiftPackageProductDependency;
			package = 9FC82DC12A1B18980081BC53 /* XCRemoteSwiftPackageReference "SideControlFeatures" */;
			productName = FlagControls;
		};
		9FC82DC82A1B18980081BC53 /* Ph1Controls */ = {
			isa = XCSwiftPackageProductDependency;
			package = 9FC82DC12A1B18980081BC53 /* XCRemoteSwiftPackageReference "SideControlFeatures" */;
			productName = Ph1Controls;
		};
		9FC82DCA2A1B18980081BC53 /* Ph2Controls */ = {
			isa = XCSwiftPackageProductDependency;
			package = 9FC82DC12A1B18980081BC53 /* XCRemoteSwiftPackageReference "SideControlFeatures" */;
			productName = Ph2Controls;
		};
		9FC82DCC2A1B18980081BC53 /* SidePanel */ = {
			isa = XCSwiftPackageProductDependency;
			package = 9FC82DC12A1B18980081BC53 /* XCRemoteSwiftPackageReference "SideControlFeatures" */;
			productName = SidePanel;
		};
		9FC82DCE2A1B18980081BC53 /* TxControls */ = {
			isa = XCSwiftPackageProductDependency;
			package = 9FC82DC12A1B18980081BC53 /* XCRemoteSwiftPackageReference "SideControlFeatures" */;
			productName = TxControls;
		};
		9FC82DD02A1B18EC0081BC53 /* ColorSettings */ = {
			isa = XCSwiftPackageProductDependency;
			package = 9FC82DAC2A1B14D30081BC53 /* XCRemoteSwiftPackageReference "SettingsFeatures" */;
			productName = ColorSettings;
		};
		9FC82DD22A1B18EC0081BC53 /* GpsSettings */ = {
			isa = XCSwiftPackageProductDependency;
			package = 9FC82DAC2A1B14D30081BC53 /* XCRemoteSwiftPackageReference "SettingsFeatures" */;
			productName = GpsSettings;
		};
		9FC82DD42A1B18EC0081BC53 /* NetworkSettings */ = {
			isa = XCSwiftPackageProductDependency;
			package = 9FC82DAC2A1B14D30081BC53 /* XCRemoteSwiftPackageReference "SettingsFeatures" */;
			productName = NetworkSettings;
		};
		9FC82DD62A1B18EC0081BC53 /* OtherSettings */ = {
			isa = XCSwiftPackageProductDependency;
			package = 9FC82DAC2A1B14D30081BC53 /* XCRemoteSwiftPackageReference "SettingsFeatures" */;
			productName = OtherSettings;
		};
		9FC82DD82A1B18EC0081BC53 /* PhoneCwSettings */ = {
			isa = XCSwiftPackageProductDependency;
			package = 9FC82DAC2A1B14D30081BC53 /* XCRemoteSwiftPackageReference "SettingsFeatures" */;
			productName = PhoneCwSettings;
		};
		9FC82DDA2A1B18EC0081BC53 /* ProfileSettings */ = {
			isa = XCSwiftPackageProductDependency;
			package = 9FC82DAC2A1B14D30081BC53 /* XCRemoteSwiftPackageReference "SettingsFeatures" */;
			productName = ProfileSettings;
		};
		9FC82DDC2A1B18EC0081BC53 /* RadioSettings */ = {
			isa = XCSwiftPackageProductDependency;
			package = 9FC82DAC2A1B14D30081BC53 /* XCRemoteSwiftPackageReference "SettingsFeatures" */;
			productName = RadioSettings;
		};
		9FC82DDE2A1B18EC0081BC53 /* SettingsPanel */ = {
			isa = XCSwiftPackageProductDependency;
			package = 9FC82DAC2A1B14D30081BC53 /* XCRemoteSwiftPackageReference "SettingsFeatures" */;
			productName = SettingsPanel;
		};
		9FC82DE02A1B18EC0081BC53 /* TxSettings */ = {
			isa = XCSwiftPackageProductDependency;
			package = 9FC82DAC2A1B14D30081BC53 /* XCRemoteSwiftPackageReference "SettingsFeatures" */;
			productName = TxSettings;
		};
		9FC82DE22A1B18EC0081BC53 /* XvtrSettings */ = {
			isa = XCSwiftPackageProductDependency;
			package = 9FC82DAC2A1B14D30081BC53 /* XCRemoteSwiftPackageReference "SettingsFeatures" */;
			productName = XvtrSettings;
		};
		9FC82DE42A1B1B030081BC53 /* ClientDialog */ = {
			isa = XCSwiftPackageProductDependency;
			package = 9F0307A92A1B0C9B00E02BB6 /* XCRemoteSwiftPackageReference "ViewFeatures" */;
			productName = ClientDialog;
		};
/* End XCSwiftPackageProductDependency section */
	};
	rootObject = 9FE8946729358DD700C12DE2 /* Project object */;
}
