// !$*UTF8*$!
{
	archiveVersion = 1;
	classes = {
	};
	objectVersion = 56;
	objects = {

/* Begin PBXBuildFile section */
		9F0A8427293A77A900EE9D5D /* Shared in Frameworks */ = {isa = PBXBuildFile; productRef = 9F0A8426293A77A900EE9D5D /* Shared */; };
		9F0A842B293A77BD00EE9D5D /* OpusEncoder in Frameworks */ = {isa = PBXBuildFile; productRef = 9F0A842A293A77BD00EE9D5D /* OpusEncoder */; };
		9F0A842D293A77BD00EE9D5D /* OpusPlayer in Frameworks */ = {isa = PBXBuildFile; productRef = 9F0A842C293A77BD00EE9D5D /* OpusPlayer */; };
		9F0A842F293A77BD00EE9D5D /* RingBuffer in Frameworks */ = {isa = PBXBuildFile; productRef = 9F0A842E293A77BD00EE9D5D /* RingBuffer */; };
		9F0A8431293A77BD00EE9D5D /* SecureStorage in Frameworks */ = {isa = PBXBuildFile; productRef = 9F0A8430293A77BD00EE9D5D /* SecureStorage */; };
		9F0A8433293A77BD00EE9D5D /* XCGWrapper in Frameworks */ = {isa = PBXBuildFile; productRef = 9F0A8432293A77BD00EE9D5D /* XCGWrapper */; };
		9F0A8435293A77D700EE9D5D /* FlexErrors in Frameworks */ = {isa = PBXBuildFile; productRef = 9F0A8434293A77D700EE9D5D /* FlexErrors */; };
		9F0A8437293A77D700EE9D5D /* Listener in Frameworks */ = {isa = PBXBuildFile; productRef = 9F0A8436293A77D700EE9D5D /* Listener */; };
		9F0A8439293A77D800EE9D5D /* Objects in Frameworks */ = {isa = PBXBuildFile; productRef = 9F0A8438293A77D800EE9D5D /* Objects */; };
		9F0A843B293A77D800EE9D5D /* Tcp in Frameworks */ = {isa = PBXBuildFile; productRef = 9F0A843A293A77D800EE9D5D /* Tcp */; };
		9F0A843D293A77D800EE9D5D /* Udp in Frameworks */ = {isa = PBXBuildFile; productRef = 9F0A843C293A77D800EE9D5D /* Udp */; };
		9F0A843F293A7F8000EE9D5D /* ClientFeature in Frameworks */ = {isa = PBXBuildFile; productRef = 9F0A843E293A7F8000EE9D5D /* ClientFeature */; };
		9F0A8441293A7F8000EE9D5D /* CwFeature in Frameworks */ = {isa = PBXBuildFile; productRef = 9F0A8440293A7F8000EE9D5D /* CwFeature */; };
		9F0A8443293A7F8000EE9D5D /* EqFeature in Frameworks */ = {isa = PBXBuildFile; productRef = 9F0A8442293A7F8000EE9D5D /* EqFeature */; };
		9F0A8445293A7F8000EE9D5D /* LevelIndicatorView in Frameworks */ = {isa = PBXBuildFile; productRef = 9F0A8444293A7F8000EE9D5D /* LevelIndicatorView */; };
		9F0A8447293A7F8100EE9D5D /* LogFeature in Frameworks */ = {isa = PBXBuildFile; productRef = 9F0A8446293A7F8100EE9D5D /* LogFeature */; };
		9F0A8449293A7F8100EE9D5D /* LoginFeature in Frameworks */ = {isa = PBXBuildFile; productRef = 9F0A8448293A7F8100EE9D5D /* LoginFeature */; };
		9F0A844B293A7F8100EE9D5D /* Ph1Feature in Frameworks */ = {isa = PBXBuildFile; productRef = 9F0A844A293A7F8100EE9D5D /* Ph1Feature */; };
		9F0A844D293A7F8100EE9D5D /* Ph2Feature in Frameworks */ = {isa = PBXBuildFile; productRef = 9F0A844C293A7F8100EE9D5D /* Ph2Feature */; };
		9F0A844F293A7F8200EE9D5D /* PickerFeature in Frameworks */ = {isa = PBXBuildFile; productRef = 9F0A844E293A7F8200EE9D5D /* PickerFeature */; };
		9F0A8451293A7F8200EE9D5D /* RightSideFeature in Frameworks */ = {isa = PBXBuildFile; productRef = 9F0A8450293A7F8200EE9D5D /* RightSideFeature */; };
		9F0A8453293A7F8200EE9D5D /* TxFeature in Frameworks */ = {isa = PBXBuildFile; productRef = 9F0A8452293A7F8200EE9D5D /* TxFeature */; };
		9F0A8455293AD56700EE9D5D /* RadioView.swift in Sources */ = {isa = PBXBuildFile; fileRef = 9F0A8454293AD56700EE9D5D /* RadioView.swift */; };
		9F0A8457293AD57C00EE9D5D /* AmplifierView.swift in Sources */ = {isa = PBXBuildFile; fileRef = 9F0A8456293AD57C00EE9D5D /* AmplifierView.swift */; };
		9F0A8459293AD58100EE9D5D /* AtuView.swift in Sources */ = {isa = PBXBuildFile; fileRef = 9F0A8458293AD58100EE9D5D /* AtuView.swift */; };
		9F0A845B293AD58500EE9D5D /* BandSettingView.swift in Sources */ = {isa = PBXBuildFile; fileRef = 9F0A845A293AD58500EE9D5D /* BandSettingView.swift */; };
		9F0A845D293AD58900EE9D5D /* CwxView.swift in Sources */ = {isa = PBXBuildFile; fileRef = 9F0A845C293AD58900EE9D5D /* CwxView.swift */; };
		9F0A845F293AD58F00EE9D5D /* EqualizerView.swift in Sources */ = {isa = PBXBuildFile; fileRef = 9F0A845E293AD58F00EE9D5D /* EqualizerView.swift */; };
		9F0A8461293AD59200EE9D5D /* GpsView.swift in Sources */ = {isa = PBXBuildFile; fileRef = 9F0A8460293AD59200EE9D5D /* GpsView.swift */; };
		9F0A8463293AD59600EE9D5D /* GuiClientView.swift in Sources */ = {isa = PBXBuildFile; fileRef = 9F0A8462293AD59600EE9D5D /* GuiClientView.swift */; };
		9F0A8465293AD59B00EE9D5D /* InterlockView.swift in Sources */ = {isa = PBXBuildFile; fileRef = 9F0A8464293AD59B00EE9D5D /* InterlockView.swift */; };
		9F0A8467293AD59F00EE9D5D /* MemoryView.swift in Sources */ = {isa = PBXBuildFile; fileRef = 9F0A8466293AD59F00EE9D5D /* MemoryView.swift */; };
		9F0A8469293AD5A200EE9D5D /* MeterStreamView.swift in Sources */ = {isa = PBXBuildFile; fileRef = 9F0A8468293AD5A200EE9D5D /* MeterStreamView.swift */; };
		9F0A846B293AD5A600EE9D5D /* MiscView.swift in Sources */ = {isa = PBXBuildFile; fileRef = 9F0A846A293AD5A600EE9D5D /* MiscView.swift */; };
		9F0A846D293AD5AD00EE9D5D /* MeterView.swift in Sources */ = {isa = PBXBuildFile; fileRef = 9F0A846C293AD5AD00EE9D5D /* MeterView.swift */; };
		9F0A846F293AD5B300EE9D5D /* NetworkView.swift in Sources */ = {isa = PBXBuildFile; fileRef = 9F0A846E293AD5B300EE9D5D /* NetworkView.swift */; };
		9F0A8471293AD5B700EE9D5D /* ProfileView.swift in Sources */ = {isa = PBXBuildFile; fileRef = 9F0A8470293AD5B700EE9D5D /* ProfileView.swift */; };
		9F0A8473293AD5BC00EE9D5D /* PanadapterView.swift in Sources */ = {isa = PBXBuildFile; fileRef = 9F0A8472293AD5BC00EE9D5D /* PanadapterView.swift */; };
		9F0A8475293AD5C000EE9D5D /* StreamView.swift in Sources */ = {isa = PBXBuildFile; fileRef = 9F0A8474293AD5C000EE9D5D /* StreamView.swift */; };
		9F0A8477293AD5C300EE9D5D /* TesterView.swift in Sources */ = {isa = PBXBuildFile; fileRef = 9F0A8476293AD5C300EE9D5D /* TesterView.swift */; };
		9F0A8479293AD5C700EE9D5D /* TnfView.swift in Sources */ = {isa = PBXBuildFile; fileRef = 9F0A8478293AD5C700EE9D5D /* TnfView.swift */; };
		9F0A847B293AD5CB00EE9D5D /* TransmitView.swift in Sources */ = {isa = PBXBuildFile; fileRef = 9F0A847A293AD5CB00EE9D5D /* TransmitView.swift */; };
		9F0A847D293AD5D100EE9D5D /* UsbCableView.swift in Sources */ = {isa = PBXBuildFile; fileRef = 9F0A847C293AD5D100EE9D5D /* UsbCableView.swift */; };
		9F0A847F293AD5D500EE9D5D /* WanView.swift in Sources */ = {isa = PBXBuildFile; fileRef = 9F0A847E293AD5D400EE9D5D /* WanView.swift */; };
		9F0A8481293AD5D700EE9D5D /* WaveformView.swift in Sources */ = {isa = PBXBuildFile; fileRef = 9F0A8480293AD5D700EE9D5D /* WaveformView.swift */; };
		9F0A8483293AD5DA00EE9D5D /* XvtrView.swift in Sources */ = {isa = PBXBuildFile; fileRef = 9F0A8482293AD5DA00EE9D5D /* XvtrView.swift */; };
		9F33A5B62935A02000F9EEFC /* FiltersView.swift in Sources */ = {isa = PBXBuildFile; fileRef = 9F33A5B52935A01F00F9EEFC /* FiltersView.swift */; };
		9F33A5B82935A02300F9EEFC /* MessagesView.swift in Sources */ = {isa = PBXBuildFile; fileRef = 9F33A5B72935A02300F9EEFC /* MessagesView.swift */; };
		9F33A5BA2935A02700F9EEFC /* ObjectsView.swift in Sources */ = {isa = PBXBuildFile; fileRef = 9F33A5B92935A02700F9EEFC /* ObjectsView.swift */; };
		9F33A5BC2935A02B00F9EEFC /* SendView.swift in Sources */ = {isa = PBXBuildFile; fileRef = 9F33A5BB2935A02B00F9EEFC /* SendView.swift */; };
		9FE8947329358DD700C12DE2 /* Api6000App.swift in Sources */ = {isa = PBXBuildFile; fileRef = 9FE8947229358DD700C12DE2 /* Api6000App.swift */; };
		9FE8947729358DD800C12DE2 /* Assets.xcassets in Resources */ = {isa = PBXBuildFile; fileRef = 9FE8947629358DD800C12DE2 /* Assets.xcassets */; };
		9FE8947A29358DD800C12DE2 /* Preview Assets.xcassets in Resources */ = {isa = PBXBuildFile; fileRef = 9FE8947929358DD800C12DE2 /* Preview Assets.xcassets */; };
		9FE8948B2935918A00C12DE2 /* ApiView.swift in Sources */ = {isa = PBXBuildFile; fileRef = 9FE894872935918A00C12DE2 /* ApiView.swift */; };
		9FE8948C2935918A00C12DE2 /* ApiCore.swift in Sources */ = {isa = PBXBuildFile; fileRef = 9FE894882935918A00C12DE2 /* ApiCore.swift */; };
		9FE894962935957B00C12DE2 /* MessagesModel.swift in Sources */ = {isa = PBXBuildFile; fileRef = 9FE894952935957B00C12DE2 /* MessagesModel.swift */; };
		9FED785E29B19C8100DFD198 /* PanFeature in Frameworks */ = {isa = PBXBuildFile; productRef = 9FED785D29B19C8100DFD198 /* PanFeature */; };
		9FF3CE092953B46B00C145E1 /* LeftSideFeature in Frameworks */ = {isa = PBXBuildFile; productRef = 9FF3CE082953B46B00C145E1 /* LeftSideFeature */; };
		9FF3CE0B2953B49100C145E1 /* SettingsFeature in Frameworks */ = {isa = PBXBuildFile; productRef = 9FF3CE0A2953B49100C145E1 /* SettingsFeature */; };
/* End PBXBuildFile section */

/* Begin PBXFileReference section */
		9F0480E829464365004D3837 /* README.md */ = {isa = PBXFileReference; lastKnownFileType = net.daringfireball.markdown; path = README.md; sourceTree = "<group>"; };
		9F0A8454293AD56700EE9D5D /* RadioView.swift */ = {isa = PBXFileReference; lastKnownFileType = sourcecode.swift; path = RadioView.swift; sourceTree = "<group>"; };
		9F0A8456293AD57C00EE9D5D /* AmplifierView.swift */ = {isa = PBXFileReference; lastKnownFileType = sourcecode.swift; path = AmplifierView.swift; sourceTree = "<group>"; };
		9F0A8458293AD58100EE9D5D /* AtuView.swift */ = {isa = PBXFileReference; lastKnownFileType = sourcecode.swift; path = AtuView.swift; sourceTree = "<group>"; };
		9F0A845A293AD58500EE9D5D /* BandSettingView.swift */ = {isa = PBXFileReference; lastKnownFileType = sourcecode.swift; path = BandSettingView.swift; sourceTree = "<group>"; };
		9F0A845C293AD58900EE9D5D /* CwxView.swift */ = {isa = PBXFileReference; lastKnownFileType = sourcecode.swift; path = CwxView.swift; sourceTree = "<group>"; };
		9F0A845E293AD58F00EE9D5D /* EqualizerView.swift */ = {isa = PBXFileReference; lastKnownFileType = sourcecode.swift; path = EqualizerView.swift; sourceTree = "<group>"; };
		9F0A8460293AD59200EE9D5D /* GpsView.swift */ = {isa = PBXFileReference; lastKnownFileType = sourcecode.swift; path = GpsView.swift; sourceTree = "<group>"; };
		9F0A8462293AD59600EE9D5D /* GuiClientView.swift */ = {isa = PBXFileReference; lastKnownFileType = sourcecode.swift; path = GuiClientView.swift; sourceTree = "<group>"; };
		9F0A8464293AD59B00EE9D5D /* InterlockView.swift */ = {isa = PBXFileReference; lastKnownFileType = sourcecode.swift; path = InterlockView.swift; sourceTree = "<group>"; };
		9F0A8466293AD59F00EE9D5D /* MemoryView.swift */ = {isa = PBXFileReference; lastKnownFileType = sourcecode.swift; path = MemoryView.swift; sourceTree = "<group>"; };
		9F0A8468293AD5A200EE9D5D /* MeterStreamView.swift */ = {isa = PBXFileReference; lastKnownFileType = sourcecode.swift; path = MeterStreamView.swift; sourceTree = "<group>"; };
		9F0A846A293AD5A600EE9D5D /* MiscView.swift */ = {isa = PBXFileReference; lastKnownFileType = sourcecode.swift; path = MiscView.swift; sourceTree = "<group>"; };
		9F0A846C293AD5AD00EE9D5D /* MeterView.swift */ = {isa = PBXFileReference; lastKnownFileType = sourcecode.swift; path = MeterView.swift; sourceTree = "<group>"; };
		9F0A846E293AD5B300EE9D5D /* NetworkView.swift */ = {isa = PBXFileReference; lastKnownFileType = sourcecode.swift; path = NetworkView.swift; sourceTree = "<group>"; };
		9F0A8470293AD5B700EE9D5D /* ProfileView.swift */ = {isa = PBXFileReference; lastKnownFileType = sourcecode.swift; path = ProfileView.swift; sourceTree = "<group>"; };
		9F0A8472293AD5BC00EE9D5D /* PanadapterView.swift */ = {isa = PBXFileReference; lastKnownFileType = sourcecode.swift; path = PanadapterView.swift; sourceTree = "<group>"; };
		9F0A8474293AD5C000EE9D5D /* StreamView.swift */ = {isa = PBXFileReference; lastKnownFileType = sourcecode.swift; path = StreamView.swift; sourceTree = "<group>"; };
		9F0A8476293AD5C300EE9D5D /* TesterView.swift */ = {isa = PBXFileReference; lastKnownFileType = sourcecode.swift; path = TesterView.swift; sourceTree = "<group>"; };
		9F0A8478293AD5C700EE9D5D /* TnfView.swift */ = {isa = PBXFileReference; lastKnownFileType = sourcecode.swift; path = TnfView.swift; sourceTree = "<group>"; };
		9F0A847A293AD5CB00EE9D5D /* TransmitView.swift */ = {isa = PBXFileReference; lastKnownFileType = sourcecode.swift; path = TransmitView.swift; sourceTree = "<group>"; };
		9F0A847C293AD5D100EE9D5D /* UsbCableView.swift */ = {isa = PBXFileReference; lastKnownFileType = sourcecode.swift; path = UsbCableView.swift; sourceTree = "<group>"; };
		9F0A847E293AD5D400EE9D5D /* WanView.swift */ = {isa = PBXFileReference; lastKnownFileType = sourcecode.swift; path = WanView.swift; sourceTree = "<group>"; };
		9F0A8480293AD5D700EE9D5D /* WaveformView.swift */ = {isa = PBXFileReference; lastKnownFileType = sourcecode.swift; path = WaveformView.swift; sourceTree = "<group>"; };
		9F0A8482293AD5DA00EE9D5D /* XvtrView.swift */ = {isa = PBXFileReference; lastKnownFileType = sourcecode.swift; path = XvtrView.swift; sourceTree = "<group>"; };
		9F201C8429D3388F00A9A683 /* UtilityFeatures */ = {isa = PBXFileReference; lastKnownFileType = wrapper; name = UtilityFeatures; path = ../Packages/UtilityFeatures; sourceTree = "<group>"; };
		9F33A5B52935A01F00F9EEFC /* FiltersView.swift */ = {isa = PBXFileReference; lastKnownFileType = sourcecode.swift; path = FiltersView.swift; sourceTree = "<group>"; };
		9F33A5B72935A02300F9EEFC /* MessagesView.swift */ = {isa = PBXFileReference; lastKnownFileType = sourcecode.swift; path = MessagesView.swift; sourceTree = "<group>"; };
		9F33A5B92935A02700F9EEFC /* ObjectsView.swift */ = {isa = PBXFileReference; lastKnownFileType = sourcecode.swift; path = ObjectsView.swift; sourceTree = "<group>"; };
		9F33A5BB2935A02B00F9EEFC /* SendView.swift */ = {isa = PBXFileReference; lastKnownFileType = sourcecode.swift; path = SendView.swift; sourceTree = "<group>"; };
		9FE8946F29358DD700C12DE2 /* Api6000.app */ = {isa = PBXFileReference; explicitFileType = wrapper.application; includeInIndex = 0; path = Api6000.app; sourceTree = BUILT_PRODUCTS_DIR; };
		9FE8947229358DD700C12DE2 /* Api6000App.swift */ = {isa = PBXFileReference; lastKnownFileType = sourcecode.swift; path = Api6000App.swift; sourceTree = "<group>"; };
		9FE8947629358DD800C12DE2 /* Assets.xcassets */ = {isa = PBXFileReference; lastKnownFileType = folder.assetcatalog; path = Assets.xcassets; sourceTree = "<group>"; };
		9FE8947929358DD800C12DE2 /* Preview Assets.xcassets */ = {isa = PBXFileReference; lastKnownFileType = folder.assetcatalog; path = "Preview Assets.xcassets"; sourceTree = "<group>"; };
		9FE8947B29358DD800C12DE2 /* Api6000.entitlements */ = {isa = PBXFileReference; lastKnownFileType = text.plist.entitlements; path = Api6000.entitlements; sourceTree = "<group>"; };
		9FE894872935918A00C12DE2 /* ApiView.swift */ = {isa = PBXFileReference; fileEncoding = 4; lastKnownFileType = sourcecode.swift; path = ApiView.swift; sourceTree = "<group>"; };
		9FE894882935918A00C12DE2 /* ApiCore.swift */ = {isa = PBXFileReference; fileEncoding = 4; lastKnownFileType = sourcecode.swift; path = ApiCore.swift; sourceTree = "<group>"; };
		9FE894952935957B00C12DE2 /* MessagesModel.swift */ = {isa = PBXFileReference; fileEncoding = 4; lastKnownFileType = sourcecode.swift; path = MessagesModel.swift; sourceTree = "<group>"; };
		9FED785929AA375200DFD198 /* ViewFeatures */ = {isa = PBXFileReference; lastKnownFileType = wrapper; name = ViewFeatures; path = ../Packages/ViewFeatures; sourceTree = "<group>"; };
		9FED785A29AC340F00DFD198 /* ApiFeatures */ = {isa = PBXFileReference; lastKnownFileType = wrapper; name = ApiFeatures; path = ../Packages/ApiFeatures; sourceTree = "<group>"; };
		9FED786029B3E59B00DFD198 /* SharedFeatures */ = {isa = PBXFileReference; lastKnownFileType = wrapper; name = SharedFeatures; path = ../Packages/SharedFeatures; sourceTree = "<group>"; };
/* End PBXFileReference section */

/* Begin PBXFrameworksBuildPhase section */
		9FE8946C29358DD700C12DE2 /* Frameworks */ = {
			isa = PBXFrameworksBuildPhase;
			buildActionMask = 2147483647;
			files = (
				9F0A8443293A7F8000EE9D5D /* EqFeature in Frameworks */,
				9F0A843F293A7F8000EE9D5D /* ClientFeature in Frameworks */,
				9F0A8445293A7F8000EE9D5D /* LevelIndicatorView in Frameworks */,
				9FF3CE092953B46B00C145E1 /* LeftSideFeature in Frameworks */,
				9F0A843D293A77D800EE9D5D /* Udp in Frameworks */,
				9F0A8439293A77D800EE9D5D /* Objects in Frameworks */,
				9F0A8427293A77A900EE9D5D /* Shared in Frameworks */,
				9F0A8447293A7F8100EE9D5D /* LogFeature in Frameworks */,
				9F0A844D293A7F8100EE9D5D /* Ph2Feature in Frameworks */,
				9F0A842F293A77BD00EE9D5D /* RingBuffer in Frameworks */,
				9F0A843B293A77D800EE9D5D /* Tcp in Frameworks */,
				9F0A844B293A7F8100EE9D5D /* Ph1Feature in Frameworks */,
				9F0A8431293A77BD00EE9D5D /* SecureStorage in Frameworks */,
				9F0A842D293A77BD00EE9D5D /* OpusPlayer in Frameworks */,
				9FED785E29B19C8100DFD198 /* PanFeature in Frameworks */,
				9F0A842B293A77BD00EE9D5D /* OpusEncoder in Frameworks */,
				9F0A8435293A77D700EE9D5D /* FlexErrors in Frameworks */,
				9F0A8441293A7F8000EE9D5D /* CwFeature in Frameworks */,
				9F0A8449293A7F8100EE9D5D /* LoginFeature in Frameworks */,
				9F0A844F293A7F8200EE9D5D /* PickerFeature in Frameworks */,
				9FF3CE0B2953B49100C145E1 /* SettingsFeature in Frameworks */,
				9F0A8437293A77D700EE9D5D /* Listener in Frameworks */,
				9F0A8453293A7F8200EE9D5D /* TxFeature in Frameworks */,
				9F0A8433293A77BD00EE9D5D /* XCGWrapper in Frameworks */,
				9F0A8451293A7F8200EE9D5D /* RightSideFeature in Frameworks */,
			);
			runOnlyForDeploymentPostprocessing = 0;
		};
/* End PBXFrameworksBuildPhase section */

/* Begin PBXGroup section */
		9F0A8425293A77A900EE9D5D /* Frameworks */ = {
			isa = PBXGroup;
			children = (
			);
			name = Frameworks;
			sourceTree = "<group>";
		};
		9F33A5BD2935A07300F9EEFC /* SubViews */ = {
			isa = PBXGroup;
			children = (
				9F0A8456293AD57C00EE9D5D /* AmplifierView.swift */,
				9F0A8458293AD58100EE9D5D /* AtuView.swift */,
				9F0A845A293AD58500EE9D5D /* BandSettingView.swift */,
				9F0A845C293AD58900EE9D5D /* CwxView.swift */,
				9F0A845E293AD58F00EE9D5D /* EqualizerView.swift */,
				9F33A5B52935A01F00F9EEFC /* FiltersView.swift */,
				9F0A8460293AD59200EE9D5D /* GpsView.swift */,
				9F0A8462293AD59600EE9D5D /* GuiClientView.swift */,
				9F0A8464293AD59B00EE9D5D /* InterlockView.swift */,
				9F0A8466293AD59F00EE9D5D /* MemoryView.swift */,
				9F33A5B72935A02300F9EEFC /* MessagesView.swift */,
				9F0A8468293AD5A200EE9D5D /* MeterStreamView.swift */,
				9F0A846C293AD5AD00EE9D5D /* MeterView.swift */,
				9F0A846A293AD5A600EE9D5D /* MiscView.swift */,
				9F0A846E293AD5B300EE9D5D /* NetworkView.swift */,
				9F33A5B92935A02700F9EEFC /* ObjectsView.swift */,
				9F0A8472293AD5BC00EE9D5D /* PanadapterView.swift */,
				9F0A8470293AD5B700EE9D5D /* ProfileView.swift */,
				9F0A8454293AD56700EE9D5D /* RadioView.swift */,
				9F33A5BB2935A02B00F9EEFC /* SendView.swift */,
				9F0A8474293AD5C000EE9D5D /* StreamView.swift */,
				9F0A8476293AD5C300EE9D5D /* TesterView.swift */,
				9F0A8478293AD5C700EE9D5D /* TnfView.swift */,
				9F0A847A293AD5CB00EE9D5D /* TransmitView.swift */,
				9F0A847C293AD5D100EE9D5D /* UsbCableView.swift */,
				9F0A847E293AD5D400EE9D5D /* WanView.swift */,
				9F0A8480293AD5D700EE9D5D /* WaveformView.swift */,
				9F0A8482293AD5DA00EE9D5D /* XvtrView.swift */,
			);
			path = SubViews;
			sourceTree = "<group>";
		};
		9FE8946629358DD700C12DE2 = {
			isa = PBXGroup;
			children = (
				9F201C8429D3388F00A9A683 /* UtilityFeatures */,
				9FED786029B3E59B00DFD198 /* SharedFeatures */,
				9FED785A29AC340F00DFD198 /* ApiFeatures */,
				9FED785929AA375200DFD198 /* ViewFeatures */,
				9F0480E829464365004D3837 /* README.md */,
				9FE8947129358DD700C12DE2 /* Api6000 */,
				9FE8947029358DD700C12DE2 /* Products */,
				9F0A8425293A77A900EE9D5D /* Frameworks */,
			);
			sourceTree = "<group>";
		};
		9FE8947029358DD700C12DE2 /* Products */ = {
			isa = PBXGroup;
			children = (
				9FE8946F29358DD700C12DE2 /* Api6000.app */,
			);
			name = Products;
			sourceTree = "<group>";
		};
		9FE8947129358DD700C12DE2 /* Api6000 */ = {
			isa = PBXGroup;
			children = (
				9FE894952935957B00C12DE2 /* MessagesModel.swift */,
				9FE894882935918A00C12DE2 /* ApiCore.swift */,
				9FE894872935918A00C12DE2 /* ApiView.swift */,
				9F33A5BD2935A07300F9EEFC /* SubViews */,
				9FE8947229358DD700C12DE2 /* Api6000App.swift */,
				9FE8947629358DD800C12DE2 /* Assets.xcassets */,
				9FE8947B29358DD800C12DE2 /* Api6000.entitlements */,
				9FE8947829358DD800C12DE2 /* Preview Content */,
			);
			path = Api6000;
			sourceTree = "<group>";
		};
		9FE8947829358DD800C12DE2 /* Preview Content */ = {
			isa = PBXGroup;
			children = (
				9FE8947929358DD800C12DE2 /* Preview Assets.xcassets */,
			);
			path = "Preview Content";
			sourceTree = "<group>";
		};
/* End PBXGroup section */

/* Begin PBXNativeTarget section */
		9FE8946E29358DD700C12DE2 /* Api6000 */ = {
			isa = PBXNativeTarget;
			buildConfigurationList = 9FE8947E29358DD800C12DE2 /* Build configuration list for PBXNativeTarget "Api6000" */;
			buildPhases = (
				9FE8946B29358DD700C12DE2 /* Sources */,
				9FE8946C29358DD700C12DE2 /* Frameworks */,
				9FE8946D29358DD700C12DE2 /* Resources */,
			);
			buildRules = (
			);
			dependencies = (
			);
			name = Api6000;
			packageProductDependencies = (
				9F0A8426293A77A900EE9D5D /* Shared */,
				9F0A842A293A77BD00EE9D5D /* OpusEncoder */,
				9F0A842C293A77BD00EE9D5D /* OpusPlayer */,
				9F0A842E293A77BD00EE9D5D /* RingBuffer */,
				9F0A8430293A77BD00EE9D5D /* SecureStorage */,
				9F0A8432293A77BD00EE9D5D /* XCGWrapper */,
				9F0A8434293A77D700EE9D5D /* FlexErrors */,
				9F0A8436293A77D700EE9D5D /* Listener */,
				9F0A8438293A77D800EE9D5D /* Objects */,
				9F0A843A293A77D800EE9D5D /* Tcp */,
				9F0A843C293A77D800EE9D5D /* Udp */,
				9F0A843E293A7F8000EE9D5D /* ClientFeature */,
				9F0A8440293A7F8000EE9D5D /* CwFeature */,
				9F0A8442293A7F8000EE9D5D /* EqFeature */,
				9F0A8444293A7F8000EE9D5D /* LevelIndicatorView */,
				9F0A8446293A7F8100EE9D5D /* LogFeature */,
				9F0A8448293A7F8100EE9D5D /* LoginFeature */,
				9F0A844A293A7F8100EE9D5D /* Ph1Feature */,
				9F0A844C293A7F8100EE9D5D /* Ph2Feature */,
				9F0A844E293A7F8200EE9D5D /* PickerFeature */,
				9F0A8450293A7F8200EE9D5D /* RightSideFeature */,
				9F0A8452293A7F8200EE9D5D /* TxFeature */,
				9FF3CE082953B46B00C145E1 /* LeftSideFeature */,
				9FF3CE0A2953B49100C145E1 /* SettingsFeature */,
				9FED785D29B19C8100DFD198 /* PanFeature */,
			);
			productName = Api6000;
			productReference = 9FE8946F29358DD700C12DE2 /* Api6000.app */;
			productType = "com.apple.product-type.application";
		};
/* End PBXNativeTarget section */

/* Begin PBXProject section */
		9FE8946729358DD700C12DE2 /* Project object */ = {
			isa = PBXProject;
			attributes = {
				BuildIndependentTargetsInParallel = 1;
				LastSwiftUpdateCheck = 1410;
				LastUpgradeCheck = 1420;
				TargetAttributes = {
					9FE8946E29358DD700C12DE2 = {
						CreatedOnToolsVersion = 14.1;
					};
				};
			};
			buildConfigurationList = 9FE8946A29358DD700C12DE2 /* Build configuration list for PBXProject "Api6000" */;
			compatibilityVersion = "Xcode 14.0";
			developmentRegion = en;
			hasScannedForEncodings = 0;
			knownRegions = (
				en,
				Base,
			);
			mainGroup = 9FE8946629358DD700C12DE2;
			packageReferences = (
				9FE8948129358F7900C12DE2 /* XCRemoteSwiftPackageReference "swift-composable-architecture" */,
				9F0A83FD293A760900EE9D5D /* XCRemoteSwiftPackageReference "SharedFeatures" */,
				9F0A8400293A764900EE9D5D /* XCRemoteSwiftPackageReference "UtilityFeatures" */,
				9F0A840D293A767300EE9D5D /* XCRemoteSwiftPackageReference "ViewFeatures" */,
				9F0A841A293A769600EE9D5D /* XCRemoteSwiftPackageReference "ApiFeatures" */,
			);
			productRefGroup = 9FE8947029358DD700C12DE2 /* Products */;
			projectDirPath = "";
			projectRoot = "";
			targets = (
				9FE8946E29358DD700C12DE2 /* Api6000 */,
			);
		};
/* End PBXProject section */

/* Begin PBXResourcesBuildPhase section */
		9FE8946D29358DD700C12DE2 /* Resources */ = {
			isa = PBXResourcesBuildPhase;
			buildActionMask = 2147483647;
			files = (
				9FE8947A29358DD800C12DE2 /* Preview Assets.xcassets in Resources */,
				9FE8947729358DD800C12DE2 /* Assets.xcassets in Resources */,
			);
			runOnlyForDeploymentPostprocessing = 0;
		};
/* End PBXResourcesBuildPhase section */

/* Begin PBXSourcesBuildPhase section */
		9FE8946B29358DD700C12DE2 /* Sources */ = {
			isa = PBXSourcesBuildPhase;
			buildActionMask = 2147483647;
			files = (
				9F0A8467293AD59F00EE9D5D /* MemoryView.swift in Sources */,
				9F0A8481293AD5D700EE9D5D /* WaveformView.swift in Sources */,
				9F0A8465293AD59B00EE9D5D /* InterlockView.swift in Sources */,
				9F0A846D293AD5AD00EE9D5D /* MeterView.swift in Sources */,
				9F0A8457293AD57C00EE9D5D /* AmplifierView.swift in Sources */,
				9F0A8455293AD56700EE9D5D /* RadioView.swift in Sources */,
				9F33A5B62935A02000F9EEFC /* FiltersView.swift in Sources */,
				9F0A8483293AD5DA00EE9D5D /* XvtrView.swift in Sources */,
				9F33A5B82935A02300F9EEFC /* MessagesView.swift in Sources */,
				9F0A846F293AD5B300EE9D5D /* NetworkView.swift in Sources */,
				9F0A847D293AD5D100EE9D5D /* UsbCableView.swift in Sources */,
				9F0A845D293AD58900EE9D5D /* CwxView.swift in Sources */,
				9F0A8469293AD5A200EE9D5D /* MeterStreamView.swift in Sources */,
				9F0A846B293AD5A600EE9D5D /* MiscView.swift in Sources */,
				9F0A847F293AD5D500EE9D5D /* WanView.swift in Sources */,
				9F0A8471293AD5B700EE9D5D /* ProfileView.swift in Sources */,
				9F0A8459293AD58100EE9D5D /* AtuView.swift in Sources */,
				9F33A5BA2935A02700F9EEFC /* ObjectsView.swift in Sources */,
				9F0A8463293AD59600EE9D5D /* GuiClientView.swift in Sources */,
				9FE894962935957B00C12DE2 /* MessagesModel.swift in Sources */,
				9F0A847B293AD5CB00EE9D5D /* TransmitView.swift in Sources */,
				9F0A8477293AD5C300EE9D5D /* TesterView.swift in Sources */,
				9F0A8461293AD59200EE9D5D /* GpsView.swift in Sources */,
				9FE8947329358DD700C12DE2 /* Api6000App.swift in Sources */,
				9F0A8473293AD5BC00EE9D5D /* PanadapterView.swift in Sources */,
				9F0A8475293AD5C000EE9D5D /* StreamView.swift in Sources */,
				9F33A5BC2935A02B00F9EEFC /* SendView.swift in Sources */,
				9F0A8479293AD5C700EE9D5D /* TnfView.swift in Sources */,
				9F0A845B293AD58500EE9D5D /* BandSettingView.swift in Sources */,
				9F0A845F293AD58F00EE9D5D /* EqualizerView.swift in Sources */,
				9FE8948B2935918A00C12DE2 /* ApiView.swift in Sources */,
				9FE8948C2935918A00C12DE2 /* ApiCore.swift in Sources */,
			);
			runOnlyForDeploymentPostprocessing = 0;
		};
/* End PBXSourcesBuildPhase section */

/* Begin XCBuildConfiguration section */
		9FE8947C29358DD800C12DE2 /* Debug */ = {
			isa = XCBuildConfiguration;
			buildSettings = {
				ALWAYS_SEARCH_USER_PATHS = NO;
				CLANG_ANALYZER_NONNULL = YES;
				CLANG_ANALYZER_NUMBER_OBJECT_CONVERSION = YES_AGGRESSIVE;
				CLANG_CXX_LANGUAGE_STANDARD = "gnu++20";
				CLANG_ENABLE_MODULES = YES;
				CLANG_ENABLE_OBJC_ARC = YES;
				CLANG_ENABLE_OBJC_WEAK = YES;
				CLANG_WARN_BLOCK_CAPTURE_AUTORELEASING = YES;
				CLANG_WARN_BOOL_CONVERSION = YES;
				CLANG_WARN_COMMA = YES;
				CLANG_WARN_CONSTANT_CONVERSION = YES;
				CLANG_WARN_DEPRECATED_OBJC_IMPLEMENTATIONS = YES;
				CLANG_WARN_DIRECT_OBJC_ISA_USAGE = YES_ERROR;
				CLANG_WARN_DOCUMENTATION_COMMENTS = YES;
				CLANG_WARN_EMPTY_BODY = YES;
				CLANG_WARN_ENUM_CONVERSION = YES;
				CLANG_WARN_INFINITE_RECURSION = YES;
				CLANG_WARN_INT_CONVERSION = YES;
				CLANG_WARN_NON_LITERAL_NULL_CONVERSION = YES;
				CLANG_WARN_OBJC_IMPLICIT_RETAIN_SELF = YES;
				CLANG_WARN_OBJC_LITERAL_CONVERSION = YES;
				CLANG_WARN_OBJC_ROOT_CLASS = YES_ERROR;
				CLANG_WARN_QUOTED_INCLUDE_IN_FRAMEWORK_HEADER = YES;
				CLANG_WARN_RANGE_LOOP_ANALYSIS = YES;
				CLANG_WARN_STRICT_PROTOTYPES = YES;
				CLANG_WARN_SUSPICIOUS_MOVE = YES;
				CLANG_WARN_UNGUARDED_AVAILABILITY = YES_AGGRESSIVE;
				CLANG_WARN_UNREACHABLE_CODE = YES;
				CLANG_WARN__DUPLICATE_METHOD_MATCH = YES;
				COPY_PHASE_STRIP = NO;
				DEAD_CODE_STRIPPING = YES;
				DEBUG_INFORMATION_FORMAT = dwarf;
				ENABLE_STRICT_OBJC_MSGSEND = YES;
				ENABLE_TESTABILITY = YES;
				GCC_C_LANGUAGE_STANDARD = gnu11;
				GCC_DYNAMIC_NO_PIC = NO;
				GCC_NO_COMMON_BLOCKS = YES;
				GCC_OPTIMIZATION_LEVEL = 0;
				GCC_PREPROCESSOR_DEFINITIONS = (
					"DEBUG=1",
					"$(inherited)",
				);
				GCC_WARN_64_TO_32_BIT_CONVERSION = YES;
				GCC_WARN_ABOUT_RETURN_TYPE = YES_ERROR;
				GCC_WARN_UNDECLARED_SELECTOR = YES;
				GCC_WARN_UNINITIALIZED_AUTOS = YES_AGGRESSIVE;
				GCC_WARN_UNUSED_FUNCTION = YES;
				GCC_WARN_UNUSED_VARIABLE = YES;
				MACOSX_DEPLOYMENT_TARGET = 13.0;
				MTL_ENABLE_DEBUG_INFO = INCLUDE_SOURCE;
				MTL_FAST_MATH = YES;
				ONLY_ACTIVE_ARCH = YES;
				SDKROOT = macosx;
				SWIFT_ACTIVE_COMPILATION_CONDITIONS = DEBUG;
				SWIFT_OPTIMIZATION_LEVEL = "-Onone";
			};
			name = Debug;
		};
		9FE8947D29358DD800C12DE2 /* Release */ = {
			isa = XCBuildConfiguration;
			buildSettings = {
				ALWAYS_SEARCH_USER_PATHS = NO;
				CLANG_ANALYZER_NONNULL = YES;
				CLANG_ANALYZER_NUMBER_OBJECT_CONVERSION = YES_AGGRESSIVE;
				CLANG_CXX_LANGUAGE_STANDARD = "gnu++20";
				CLANG_ENABLE_MODULES = YES;
				CLANG_ENABLE_OBJC_ARC = YES;
				CLANG_ENABLE_OBJC_WEAK = YES;
				CLANG_WARN_BLOCK_CAPTURE_AUTORELEASING = YES;
				CLANG_WARN_BOOL_CONVERSION = YES;
				CLANG_WARN_COMMA = YES;
				CLANG_WARN_CONSTANT_CONVERSION = YES;
				CLANG_WARN_DEPRECATED_OBJC_IMPLEMENTATIONS = YES;
				CLANG_WARN_DIRECT_OBJC_ISA_USAGE = YES_ERROR;
				CLANG_WARN_DOCUMENTATION_COMMENTS = YES;
				CLANG_WARN_EMPTY_BODY = YES;
				CLANG_WARN_ENUM_CONVERSION = YES;
				CLANG_WARN_INFINITE_RECURSION = YES;
				CLANG_WARN_INT_CONVERSION = YES;
				CLANG_WARN_NON_LITERAL_NULL_CONVERSION = YES;
				CLANG_WARN_OBJC_IMPLICIT_RETAIN_SELF = YES;
				CLANG_WARN_OBJC_LITERAL_CONVERSION = YES;
				CLANG_WARN_OBJC_ROOT_CLASS = YES_ERROR;
				CLANG_WARN_QUOTED_INCLUDE_IN_FRAMEWORK_HEADER = YES;
				CLANG_WARN_RANGE_LOOP_ANALYSIS = YES;
				CLANG_WARN_STRICT_PROTOTYPES = YES;
				CLANG_WARN_SUSPICIOUS_MOVE = YES;
				CLANG_WARN_UNGUARDED_AVAILABILITY = YES_AGGRESSIVE;
				CLANG_WARN_UNREACHABLE_CODE = YES;
				CLANG_WARN__DUPLICATE_METHOD_MATCH = YES;
				COPY_PHASE_STRIP = NO;
				DEAD_CODE_STRIPPING = YES;
				DEBUG_INFORMATION_FORMAT = "dwarf-with-dsym";
				ENABLE_NS_ASSERTIONS = NO;
				ENABLE_STRICT_OBJC_MSGSEND = YES;
				GCC_C_LANGUAGE_STANDARD = gnu11;
				GCC_NO_COMMON_BLOCKS = YES;
				GCC_WARN_64_TO_32_BIT_CONVERSION = YES;
				GCC_WARN_ABOUT_RETURN_TYPE = YES_ERROR;
				GCC_WARN_UNDECLARED_SELECTOR = YES;
				GCC_WARN_UNINITIALIZED_AUTOS = YES_AGGRESSIVE;
				GCC_WARN_UNUSED_FUNCTION = YES;
				GCC_WARN_UNUSED_VARIABLE = YES;
				MACOSX_DEPLOYMENT_TARGET = 13.0;
				MTL_ENABLE_DEBUG_INFO = NO;
				MTL_FAST_MATH = YES;
				SDKROOT = macosx;
				SWIFT_COMPILATION_MODE = wholemodule;
				SWIFT_OPTIMIZATION_LEVEL = "-O";
			};
			name = Release;
		};
		9FE8947F29358DD800C12DE2 /* Debug */ = {
			isa = XCBuildConfiguration;
			buildSettings = {
				ASSETCATALOG_COMPILER_APPICON_NAME = AppIcon;
				ASSETCATALOG_COMPILER_GLOBAL_ACCENT_COLOR_NAME = AccentColor;
				CODE_SIGN_ENTITLEMENTS = Api6000/Api6000.entitlements;
				CODE_SIGN_IDENTITY = "-";
				CODE_SIGN_STYLE = Automatic;
				COMBINE_HIDPI_IMAGES = YES;
				CURRENT_PROJECT_VERSION = 1;
				DEAD_CODE_STRIPPING = YES;
				DEVELOPMENT_ASSET_PATHS = "\"Api6000/Preview Content\"";
				DEVELOPMENT_TEAM = EE5B8TYXGA;
				ENABLE_HARDENED_RUNTIME = YES;
				ENABLE_PREVIEWS = YES;
				GENERATE_INFOPLIST_FILE = YES;
				HEADER_SEARCH_PATHS = "";
				INFOPLIST_KEY_NSHumanReadableCopyright = "";
				LD_RUNPATH_SEARCH_PATHS = (
					"$(inherited)",
					"@executable_path/../Frameworks",
				);
				MARKETING_VERSION = 2.3;
				PRODUCT_BUNDLE_IDENTIFIER = net.k3tzr.Api6000;
				PRODUCT_NAME = "$(TARGET_NAME)";
				SWIFT_EMIT_LOC_STRINGS = YES;
				SWIFT_OBJC_BRIDGING_HEADER = "";
				SWIFT_VERSION = 5.0;
			};
			name = Debug;
		};
		9FE8948029358DD800C12DE2 /* Release */ = {
			isa = XCBuildConfiguration;
			buildSettings = {
				ASSETCATALOG_COMPILER_APPICON_NAME = AppIcon;
				ASSETCATALOG_COMPILER_GLOBAL_ACCENT_COLOR_NAME = AccentColor;
				CODE_SIGN_ENTITLEMENTS = Api6000/Api6000.entitlements;
				CODE_SIGN_IDENTITY = "-";
				CODE_SIGN_STYLE = Automatic;
				COMBINE_HIDPI_IMAGES = YES;
				CURRENT_PROJECT_VERSION = 1;
				DEAD_CODE_STRIPPING = YES;
				DEVELOPMENT_ASSET_PATHS = "\"Api6000/Preview Content\"";
				DEVELOPMENT_TEAM = EE5B8TYXGA;
				ENABLE_HARDENED_RUNTIME = YES;
				ENABLE_PREVIEWS = YES;
				GENERATE_INFOPLIST_FILE = YES;
				HEADER_SEARCH_PATHS = "";
				INFOPLIST_KEY_NSHumanReadableCopyright = "";
				LD_RUNPATH_SEARCH_PATHS = (
					"$(inherited)",
					"@executable_path/../Frameworks",
				);
				MARKETING_VERSION = 2.3;
				PRODUCT_BUNDLE_IDENTIFIER = net.k3tzr.Api6000;
				PRODUCT_NAME = "$(TARGET_NAME)";
				SWIFT_EMIT_LOC_STRINGS = YES;
				SWIFT_OBJC_BRIDGING_HEADER = "";
				SWIFT_VERSION = 5.0;
			};
			name = Release;
		};
/* End XCBuildConfiguration section */

/* Begin XCConfigurationList section */
		9FE8946A29358DD700C12DE2 /* Build configuration list for PBXProject "Api6000" */ = {
			isa = XCConfigurationList;
			buildConfigurations = (
				9FE8947C29358DD800C12DE2 /* Debug */,
				9FE8947D29358DD800C12DE2 /* Release */,
			);
			defaultConfigurationIsVisible = 0;
			defaultConfigurationName = Release;
		};
		9FE8947E29358DD800C12DE2 /* Build configuration list for PBXNativeTarget "Api6000" */ = {
			isa = XCConfigurationList;
			buildConfigurations = (
				9FE8947F29358DD800C12DE2 /* Debug */,
				9FE8948029358DD800C12DE2 /* Release */,
			);
			defaultConfigurationIsVisible = 0;
			defaultConfigurationName = Release;
		};
/* End XCConfigurationList section */

/* Begin XCRemoteSwiftPackageReference section */
		9F0A83FD293A760900EE9D5D /* XCRemoteSwiftPackageReference "SharedFeatures" */ = {
			isa = XCRemoteSwiftPackageReference;
			repositoryURL = "https://github.com/K3TZR/SharedFeatures.git";
			requirement = {
				kind = upToNextMajorVersion;
				minimumVersion = 1.8.1;
			};
		};
		9F0A8400293A764900EE9D5D /* XCRemoteSwiftPackageReference "UtilityFeatures" */ = {
			isa = XCRemoteSwiftPackageReference;
			repositoryURL = "https://github.com/K3TZR/UtilityFeatures.git";
			requirement = {
				kind = upToNextMajorVersion;
				minimumVersion = 1.5.1;
			};
		};
		9F0A840D293A767300EE9D5D /* XCRemoteSwiftPackageReference "ViewFeatures" */ = {
			isa = XCRemoteSwiftPackageReference;
			repositoryURL = "https://github.com/K3TZR/ViewFeatures.git";
			requirement = {
				kind = upToNextMajorVersion;
				minimumVersion = 3.3.1;
			};
		};
		9F0A841A293A769600EE9D5D /* XCRemoteSwiftPackageReference "ApiFeatures" */ = {
			isa = XCRemoteSwiftPackageReference;
			repositoryURL = "https://github.com/K3TZR/ApiFeatures.git";
			requirement = {
				kind = upToNextMajorVersion;
				minimumVersion = 2.3.1;
			};
		};
		9FE8948129358F7900C12DE2 /* XCRemoteSwiftPackageReference "swift-composable-architecture" */ = {
			isa = XCRemoteSwiftPackageReference;
			repositoryURL = "https://github.com/pointfreeco/swift-composable-architecture.git";
			requirement = {
				kind = versionRange;
				maximumVersion = 1.0.0;
				minimumVersion = 0.42.0;
			};
		};
/* End XCRemoteSwiftPackageReference section */

/* Begin XCSwiftPackageProductDependency section */
		9F0A8426293A77A900EE9D5D /* Shared */ = {
			isa = XCSwiftPackageProductDependency;
			package = 9F0A83FD293A760900EE9D5D /* XCRemoteSwiftPackageReference "SharedFeatures" */;
			productName = Shared;
		};
		9F0A842A293A77BD00EE9D5D /* OpusEncoder */ = {
			isa = XCSwiftPackageProductDependency;
			package = 9F0A8400293A764900EE9D5D /* XCRemoteSwiftPackageReference "UtilityFeatures" */;
			productName = OpusEncoder;
		};
		9F0A842C293A77BD00EE9D5D /* OpusPlayer */ = {
			isa = XCSwiftPackageProductDependency;
			package = 9F0A8400293A764900EE9D5D /* XCRemoteSwiftPackageReference "UtilityFeatures" */;
			productName = OpusPlayer;
		};
		9F0A842E293A77BD00EE9D5D /* RingBuffer */ = {
			isa = XCSwiftPackageProductDependency;
			package = 9F0A8400293A764900EE9D5D /* XCRemoteSwiftPackageReference "UtilityFeatures" */;
			productName = RingBuffer;
		};
		9F0A8430293A77BD00EE9D5D /* SecureStorage */ = {
			isa = XCSwiftPackageProductDependency;
			package = 9F0A8400293A764900EE9D5D /* XCRemoteSwiftPackageReference "UtilityFeatures" */;
			productName = SecureStorage;
		};
		9F0A8432293A77BD00EE9D5D /* XCGWrapper */ = {
			isa = XCSwiftPackageProductDependency;
			package = 9F0A8400293A764900EE9D5D /* XCRemoteSwiftPackageReference "UtilityFeatures" */;
			productName = XCGWrapper;
		};
		9F0A8434293A77D700EE9D5D /* FlexErrors */ = {
			isa = XCSwiftPackageProductDependency;
			package = 9F0A841A293A769600EE9D5D /* XCRemoteSwiftPackageReference "ApiFeatures" */;
			productName = FlexErrors;
		};
		9F0A8436293A77D700EE9D5D /* Listener */ = {
			isa = XCSwiftPackageProductDependency;
			package = 9F0A841A293A769600EE9D5D /* XCRemoteSwiftPackageReference "ApiFeatures" */;
			productName = Listener;
		};
		9F0A8438293A77D800EE9D5D /* Objects */ = {
			isa = XCSwiftPackageProductDependency;
			package = 9F0A841A293A769600EE9D5D /* XCRemoteSwiftPackageReference "ApiFeatures" */;
			productName = Objects;
		};
		9F0A843A293A77D800EE9D5D /* Tcp */ = {
			isa = XCSwiftPackageProductDependency;
			package = 9F0A841A293A769600EE9D5D /* XCRemoteSwiftPackageReference "ApiFeatures" */;
			productName = Tcp;
		};
		9F0A843C293A77D800EE9D5D /* Udp */ = {
			isa = XCSwiftPackageProductDependency;
			package = 9F0A841A293A769600EE9D5D /* XCRemoteSwiftPackageReference "ApiFeatures" */;
			productName = Udp;
		};
		9F0A843E293A7F8000EE9D5D /* ClientFeature */ = {
			isa = XCSwiftPackageProductDependency;
			package = 9F0A840D293A767300EE9D5D /* XCRemoteSwiftPackageReference "ViewFeatures" */;
			productName = ClientFeature;
		};
		9F0A8440293A7F8000EE9D5D /* CwFeature */ = {
			isa = XCSwiftPackageProductDependency;
			package = 9F0A840D293A767300EE9D5D /* XCRemoteSwiftPackageReference "ViewFeatures" */;
			productName = CwFeature;
		};
		9F0A8442293A7F8000EE9D5D /* EqFeature */ = {
			isa = XCSwiftPackageProductDependency;
			package = 9F0A840D293A767300EE9D5D /* XCRemoteSwiftPackageReference "ViewFeatures" */;
			productName = EqFeature;
		};
		9F0A8444293A7F8000EE9D5D /* LevelIndicatorView */ = {
			isa = XCSwiftPackageProductDependency;
			package = 9F0A840D293A767300EE9D5D /* XCRemoteSwiftPackageReference "ViewFeatures" */;
			productName = LevelIndicatorView;
		};
		9F0A8446293A7F8100EE9D5D /* LogFeature */ = {
			isa = XCSwiftPackageProductDependency;
			package = 9F0A840D293A767300EE9D5D /* XCRemoteSwiftPackageReference "ViewFeatures" */;
			productName = LogFeature;
		};
		9F0A8448293A7F8100EE9D5D /* LoginFeature */ = {
			isa = XCSwiftPackageProductDependency;
			package = 9F0A840D293A767300EE9D5D /* XCRemoteSwiftPackageReference "ViewFeatures" */;
			productName = LoginFeature;
		};
		9F0A844A293A7F8100EE9D5D /* Ph1Feature */ = {
			isa = XCSwiftPackageProductDependency;
			package = 9F0A840D293A767300EE9D5D /* XCRemoteSwiftPackageReference "ViewFeatures" */;
			productName = Ph1Feature;
		};
		9F0A844C293A7F8100EE9D5D /* Ph2Feature */ = {
			isa = XCSwiftPackageProductDependency;
			package = 9F0A840D293A767300EE9D5D /* XCRemoteSwiftPackageReference "ViewFeatures" */;
			productName = Ph2Feature;
		};
		9F0A844E293A7F8200EE9D5D /* PickerFeature */ = {
			isa = XCSwiftPackageProductDependency;
			package = 9F0A840D293A767300EE9D5D /* XCRemoteSwiftPackageReference "ViewFeatures" */;
			productName = PickerFeature;
		};
		9F0A8450293A7F8200EE9D5D /* RightSideFeature */ = {
			isa = XCSwiftPackageProductDependency;
			package = 9F0A840D293A767300EE9D5D /* XCRemoteSwiftPackageReference "ViewFeatures" */;
			productName = RightSideFeature;
		};
		9F0A8452293A7F8200EE9D5D /* TxFeature */ = {
			isa = XCSwiftPackageProductDependency;
			package = 9F0A840D293A767300EE9D5D /* XCRemoteSwiftPackageReference "ViewFeatures" */;
			productName = TxFeature;
		};
		9FED785D29B19C8100DFD198 /* PanFeature */ = {
			isa = XCSwiftPackageProductDependency;
			productName = PanFeature;
		};
		9FF3CE082953B46B00C145E1 /* LeftSideFeature */ = {
			isa = XCSwiftPackageProductDependency;
			package = 9F0A840D293A767300EE9D5D /* XCRemoteSwiftPackageReference "ViewFeatures" */;
			productName = LeftSideFeature;
		};
		9FF3CE0A2953B49100C145E1 /* SettingsFeature */ = {
			isa = XCSwiftPackageProductDependency;
			package = 9F0A840D293A767300EE9D5D /* XCRemoteSwiftPackageReference "ViewFeatures" */;
			productName = SettingsFeature;
		};
/* End XCSwiftPackageProductDependency section */
	};
	rootObject = 9FE8946729358DD700C12DE2 /* Project object */;
}
